{
  "version": 4,
  "terraform_version": "1.2.5",
  "serial": 54,
  "lineage": "4cb3e39a-5d5a-ff52-1478-525d3f47be3d",
  "outputs": {
    "alb_dns_name": {
      "value": "multi-tier-app-889286746.ap-northeast-1.elb.amazonaws.com",
      "type": "string"
    },
    "db_password": {
      "value": "o524z_Fq4vZwfzUj",
      "type": "string",
      "sensitive": true
    }
  },
  "resources": [
    {
      "module": "module.autoscaling",
      "mode": "data",
      "type": "aws_ami",
      "name": "ami",
      "provider": "provider[\"registry.terraform.io/hashicorp/aws\"]",
      "instances": [
        {
          "schema_version": 0,
          "attributes": {
            "architecture": "x86_64",
            "arn": "arn:aws:ec2:ap-northeast-1::image/ami-06ce6680729711877",
            "block_device_mappings": [
              {
                "device_name": "/dev/xvda",
                "ebs": {
                  "delete_on_termination": "true",
                  "encrypted": "false",
                  "iops": "0",
                  "snapshot_id": "snap-016059ef79cadbcb6",
                  "throughput": "0",
                  "volume_size": "8",
                  "volume_type": "gp2"
                },
                "no_device": "",
                "virtual_name": ""
              }
            ],
            "boot_mode": "",
            "creation_date": "2022-06-14T19:44:17.000Z",
            "deprecation_time": "2024-06-14T19:44:17.000Z",
            "description": "Amazon Linux 2 AMI 2.0.20220606.1 x86_64 HVM gp2",
            "ena_support": true,
            "executable_users": null,
            "filter": [
              {
                "name": "name",
                "values": [
                  "amzn2-ami-hvm-2.0.*-x86_64-gp2"
                ]
              }
            ],
            "hypervisor": "xen",
            "id": "ami-06ce6680729711877",
            "image_id": "ami-06ce6680729711877",
            "image_location": "amazon/amzn2-ami-hvm-2.0.20220606.1-x86_64-gp2",
            "image_owner_alias": "amazon",
            "image_type": "machine",
            "include_deprecated": false,
            "kernel_id": "",
            "most_recent": true,
            "name": "amzn2-ami-hvm-2.0.20220606.1-x86_64-gp2",
            "name_regex": null,
            "owner_id": "137112412989",
            "owners": [
              "amazon"
            ],
            "platform": "",
            "platform_details": "Linux/UNIX",
            "product_codes": [],
            "public": true,
            "ramdisk_id": "",
            "root_device_name": "/dev/xvda",
            "root_device_type": "ebs",
            "root_snapshot_id": "snap-016059ef79cadbcb6",
            "sriov_net_support": "simple",
            "state": "available",
            "state_reason": {
              "code": "UNSET",
              "message": "UNSET"
            },
            "tags": {},
            "tpm_support": "",
            "usage_operation": "RunInstances",
            "virtualization_type": "hvm"
          },
          "sensitive_attributes": []
        }
      ]
    },
    {
      "module": "module.autoscaling",
      "mode": "managed",
      "type": "aws_autoscaling_group",
      "name": "web",
      "provider": "provider[\"registry.terraform.io/hashicorp/aws\"]",
      "instances": [
        {
          "schema_version": 0,
          "attributes": {
            "arn": "arn:aws:autoscaling:ap-northeast-1:459716160169:autoScalingGroup:2d3db67f-3ece-49a1-855a-4a1baf259b9f:autoScalingGroupName/multi-tier-app-asg",
            "availability_zones": [
              "ap-northeast-1a",
              "ap-northeast-1c",
              "ap-northeast-1d"
            ],
            "capacity_rebalance": false,
            "context": "",
            "default_cooldown": 300,
            "default_instance_warmup": 0,
            "desired_capacity": 1,
            "enabled_metrics": [],
            "force_delete": false,
            "force_delete_warm_pool": false,
            "health_check_grace_period": 300,
            "health_check_type": "EC2",
            "id": "multi-tier-app-asg",
            "initial_lifecycle_hook": [],
            "instance_refresh": [],
            "launch_configuration": "",
            "launch_template": [
              {
                "id": "lt-028928e5774166392",
                "name": "web-20220728181709261900000007",
                "version": "1"
              }
            ],
            "load_balancers": [],
            "max_instance_lifetime": 0,
            "max_size": 3,
            "metrics_granularity": "1Minute",
            "min_elb_capacity": null,
            "min_size": 1,
            "mixed_instances_policy": [],
            "name": "multi-tier-app-asg",
            "name_prefix": "",
            "placement_group": "",
            "protect_from_scale_in": false,
            "service_linked_role_arn": "arn:aws:iam::459716160169:role/aws-service-role/autoscaling.amazonaws.com/AWSServiceRoleForAutoScaling",
            "suspended_processes": [],
            "tag": [],
            "tags": null,
            "target_group_arns": [
              "arn:aws:elasticloadbalancing:ap-northeast-1:459716160169:targetgroup/web20220728182451655100000001/95098afd9ae38d8b"
            ],
            "termination_policies": [],
            "timeouts": null,
            "vpc_zone_identifier": [
              "subnet-0675437797abb3c02",
              "subnet-0b2e866c88b8b88fc",
              "subnet-0ca9567f16e74a270"
            ],
            "wait_for_capacity_timeout": "10m",
            "wait_for_elb_capacity": null,
            "warm_pool": []
          },
          "sensitive_attributes": [],
          "private": "eyJlMmJmYjczMC1lY2FhLTExZTYtOGY4OC0zNDM2M2JjN2M0YzAiOnsiZGVsZXRlIjo2MDAwMDAwMDAwMDAsInVwZGF0ZSI6NjAwMDAwMDAwMDAwfX0=",
          "dependencies": [
            "module.autoscaling.aws_launch_template.web",
            "module.autoscaling.data.aws_ami.ami",
            "module.autoscaling.module.alb.aws_lb_target_group.main",
            "module.autoscaling.module.iam_instance_profile.aws_iam_instance_profile.iam_instance_profile",
            "module.autoscaling.module.iam_instance_profile.aws_iam_role.iam_role",
            "module.networking.data.aws_availability_zones.available",
            "module.networking.module.alb_sg.aws_security_group.security_group",
            "module.networking.module.db_sg.aws_security_group.security_group",
            "module.networking.module.vpc.aws_cloudwatch_log_group.flow_log",
            "module.networking.module.vpc.aws_customer_gateway.this",
            "module.networking.module.vpc.aws_db_subnet_group.database",
            "module.networking.module.vpc.aws_default_network_acl.this",
            "module.networking.module.vpc.aws_default_route_table.default",
            "module.networking.module.vpc.aws_default_security_group.this",
            "module.networking.module.vpc.aws_default_vpc.this",
            "module.networking.module.vpc.aws_egress_only_internet_gateway.this",
            "module.networking.module.vpc.aws_eip.nat",
            "module.networking.module.vpc.aws_elasticache_subnet_group.elasticache",
            "module.networking.module.vpc.aws_flow_log.this",
            "module.networking.module.vpc.aws_iam_policy.vpc_flow_log_cloudwatch",
            "module.networking.module.vpc.aws_iam_role.vpc_flow_log_cloudwatch",
            "module.networking.module.vpc.aws_iam_role_policy_attachment.vpc_flow_log_cloudwatch",
            "module.networking.module.vpc.aws_internet_gateway.this",
            "module.networking.module.vpc.aws_nat_gateway.this",
            "module.networking.module.vpc.aws_network_acl.database",
            "module.networking.module.vpc.aws_network_acl.elasticache",
            "module.networking.module.vpc.aws_network_acl.intra",
            "module.networking.module.vpc.aws_network_acl.outpost",
            "module.networking.module.vpc.aws_network_acl.private",
            "module.networking.module.vpc.aws_network_acl.public",
            "module.networking.module.vpc.aws_network_acl.redshift",
            "module.networking.module.vpc.aws_network_acl_rule.database_inbound",
            "module.networking.module.vpc.aws_network_acl_rule.database_outbound",
            "module.networking.module.vpc.aws_network_acl_rule.elasticache_inbound",
            "module.networking.module.vpc.aws_network_acl_rule.elasticache_outbound",
            "module.networking.module.vpc.aws_network_acl_rule.intra_inbound",
            "module.networking.module.vpc.aws_network_acl_rule.intra_outbound",
            "module.networking.module.vpc.aws_network_acl_rule.outpost_inbound",
            "module.networking.module.vpc.aws_network_acl_rule.outpost_outbound",
            "module.networking.module.vpc.aws_network_acl_rule.private_inbound",
            "module.networking.module.vpc.aws_network_acl_rule.private_outbound",
            "module.networking.module.vpc.aws_network_acl_rule.public_inbound",
            "module.networking.module.vpc.aws_network_acl_rule.public_outbound",
            "module.networking.module.vpc.aws_network_acl_rule.redshift_inbound",
            "module.networking.module.vpc.aws_network_acl_rule.redshift_outbound",
            "module.networking.module.vpc.aws_redshift_subnet_group.redshift",
            "module.networking.module.vpc.aws_route.database_internet_gateway",
            "module.networking.module.vpc.aws_route.database_ipv6_egress",
            "module.networking.module.vpc.aws_route.database_nat_gateway",
            "module.networking.module.vpc.aws_route.private_ipv6_egress",
            "module.networking.module.vpc.aws_route.private_nat_gateway",
            "module.networking.module.vpc.aws_route.public_internet_gateway",
            "module.networking.module.vpc.aws_route.public_internet_gateway_ipv6",
            "module.networking.module.vpc.aws_route_table.database",
            "module.networking.module.vpc.aws_route_table.elasticache",
            "module.networking.module.vpc.aws_route_table.intra",
            "module.networking.module.vpc.aws_route_table.private",
            "module.networking.module.vpc.aws_route_table.public",
            "module.networking.module.vpc.aws_route_table.redshift",
            "module.networking.module.vpc.aws_route_table_association.database",
            "module.networking.module.vpc.aws_route_table_association.elasticache",
            "module.networking.module.vpc.aws_route_table_association.intra",
            "module.networking.module.vpc.aws_route_table_association.outpost",
            "module.networking.module.vpc.aws_route_table_association.private",
            "module.networking.module.vpc.aws_route_table_association.public",
            "module.networking.module.vpc.aws_route_table_association.redshift",
            "module.networking.module.vpc.aws_route_table_association.redshift_public",
            "module.networking.module.vpc.aws_subnet.database",
            "module.networking.module.vpc.aws_subnet.elasticache",
            "module.networking.module.vpc.aws_subnet.intra",
            "module.networking.module.vpc.aws_subnet.outpost",
            "module.networking.module.vpc.aws_subnet.private",
            "module.networking.module.vpc.aws_subnet.public",
            "module.networking.module.vpc.aws_subnet.redshift",
            "module.networking.module.vpc.aws_vpc.this",
            "module.networking.module.vpc.aws_vpc_dhcp_options.this",
            "module.networking.module.vpc.aws_vpc_dhcp_options_association.this",
            "module.networking.module.vpc.aws_vpc_ipv4_cidr_block_association.this",
            "module.networking.module.vpc.aws_vpn_gateway.this",
            "module.networking.module.vpc.aws_vpn_gateway_attachment.this",
            "module.networking.module.vpc.aws_vpn_gateway_route_propagation.intra",
            "module.networking.module.vpc.aws_vpn_gateway_route_propagation.private",
            "module.networking.module.vpc.aws_vpn_gateway_route_propagation.public",
            "module.networking.module.vpc.data.aws_iam_policy_document.flow_log_cloudwatch_assume_role",
            "module.networking.module.vpc.data.aws_iam_policy_document.vpc_flow_log_cloudwatch",
            "module.networking.module.web_sg.aws_security_group.security_group"
          ]
        }
      ]
    },
    {
      "module": "module.autoscaling",
      "mode": "managed",
      "type": "aws_launch_template",
      "name": "web",
      "provider": "provider[\"registry.terraform.io/hashicorp/aws\"]",
      "instances": [
        {
          "schema_version": 0,
          "attributes": {
            "arn": "arn:aws:ec2:ap-northeast-1:459716160169:launch-template/lt-028928e5774166392",
            "block_device_mappings": [],
            "capacity_reservation_specification": [],
            "cpu_options": [],
            "credit_specification": [],
            "default_version": 1,
            "description": "",
            "disable_api_stop": false,
            "disable_api_termination": false,
            "ebs_optimized": "",
            "elastic_gpu_specifications": [],
            "elastic_inference_accelerator": [],
            "enclave_options": [],
            "hibernation_options": [],
            "iam_instance_profile": [
              {
                "arn": "",
                "name": "terraform-20220728181702167100000004"
              }
            ],
            "id": "lt-028928e5774166392",
            "image_id": "ami-06ce6680729711877",
            "instance_initiated_shutdown_behavior": "",
            "instance_market_options": [],
            "instance_requirements": [],
            "instance_type": "t2.micro",
            "kernel_id": "",
            "key_name": "",
            "latest_version": 1,
            "license_specification": [],
            "maintenance_options": [],
            "metadata_options": [],
            "monitoring": [],
            "name": "web-20220728181709261900000007",
            "name_prefix": "web-",
            "network_interfaces": [],
            "placement": [],
            "private_dns_name_options": [],
            "ram_disk_id": "",
            "security_group_names": [],
            "tag_specifications": [],
            "tags": {},
            "tags_all": {},
            "update_default_version": null,
            "user_data": "IyEvYmluL2Jhc2gKeXVtIHVwZGF0ZSAteQp5dW0gaW5zdGFsbCAteSBodHRwZC54ODZfNjQKc3lzdGVtY3RsIHN0YXJ0IGh0dHBkCnN5c3RlbWN0bCBlbmFibGUgaHR0cAplY2hvICIkKGN1cmwgaHR0cDovLzE2OS4yNTQuMTY5LjI1NC9sYXRlc3QvbWV0YS1kYXRhL2xvY2FsLWlwdjQpIiA+IC92YXIvd3d3L2h0bWwvaW5kZXguaHRtbAo=",
            "vpc_security_group_ids": [
              "sg-0b97505550569453a"
            ]
          },
          "sensitive_attributes": [],
          "private": "bnVsbA==",
          "dependencies": [
            "module.autoscaling.data.aws_ami.ami",
            "module.autoscaling.module.iam_instance_profile.aws_iam_instance_profile.iam_instance_profile",
            "module.autoscaling.module.iam_instance_profile.aws_iam_role.iam_role",
            "module.networking.module.alb_sg.aws_security_group.security_group",
            "module.networking.module.db_sg.aws_security_group.security_group",
            "module.networking.module.vpc.aws_vpc.this",
            "module.networking.module.web_sg.aws_security_group.security_group"
          ]
        }
      ]
    },
    {
      "module": "module.autoscaling.module.alb",
      "mode": "managed",
      "type": "aws_lb",
      "name": "this",
      "provider": "provider[\"registry.terraform.io/hashicorp/aws\"]",
      "instances": [
        {
          "index_key": 0,
          "schema_version": 0,
          "attributes": {
            "access_logs": [
              {
                "bucket": "",
                "enabled": false,
                "prefix": ""
              }
            ],
            "arn": "arn:aws:elasticloadbalancing:ap-northeast-1:459716160169:loadbalancer/app/multi-tier-app/f2607f2d7ed16065",
            "arn_suffix": "app/multi-tier-app/f2607f2d7ed16065",
            "customer_owned_ipv4_pool": "",
            "desync_mitigation_mode": "defensive",
            "dns_name": "multi-tier-app-889286746.ap-northeast-1.elb.amazonaws.com",
            "drop_invalid_header_fields": false,
            "enable_cross_zone_load_balancing": null,
            "enable_deletion_protection": false,
            "enable_http2": true,
            "enable_waf_fail_open": false,
            "id": "arn:aws:elasticloadbalancing:ap-northeast-1:459716160169:loadbalancer/app/multi-tier-app/f2607f2d7ed16065",
            "idle_timeout": 60,
            "internal": false,
            "ip_address_type": "ipv4",
            "load_balancer_type": "application",
            "name": "multi-tier-app",
            "name_prefix": null,
            "security_groups": [
              "sg-0a28132db35feb6bf"
            ],
            "subnet_mapping": [
              {
                "allocation_id": "",
                "ipv6_address": "",
                "outpost_id": "",
                "private_ipv4_address": "",
                "subnet_id": "subnet-008cbc480bdd8da0e"
              },
              {
                "allocation_id": "",
                "ipv6_address": "",
                "outpost_id": "",
                "private_ipv4_address": "",
                "subnet_id": "subnet-02e66d743a360bbe7"
              },
              {
                "allocation_id": "",
                "ipv6_address": "",
                "outpost_id": "",
                "private_ipv4_address": "",
                "subnet_id": "subnet-0b81eabb26aad8147"
              }
            ],
            "subnets": [
              "subnet-008cbc480bdd8da0e",
              "subnet-02e66d743a360bbe7",
              "subnet-0b81eabb26aad8147"
            ],
            "tags": {
              "Name": "multi-tier-app"
            },
            "tags_all": {
              "Name": "multi-tier-app"
            },
            "timeouts": {
              "create": "10m",
              "delete": "10m",
              "update": "10m"
            },
            "vpc_id": "vpc-0a829e4d3e9ddf1da",
            "zone_id": "Z14GRHDCWA56QT"
          },
          "sensitive_attributes": [],
          "private": "eyJlMmJmYjczMC1lY2FhLTExZTYtOGY4OC0zNDM2M2JjN2M0YzAiOnsiY3JlYXRlIjo2MDAwMDAwMDAwMDAsImRlbGV0ZSI6NjAwMDAwMDAwMDAwLCJ1cGRhdGUiOjYwMDAwMDAwMDAwMH19",
          "dependencies": [
            "module.networking.data.aws_availability_zones.available",
            "module.networking.module.alb_sg.aws_security_group.security_group",
            "module.networking.module.db_sg.aws_security_group.security_group",
            "module.networking.module.vpc.aws_cloudwatch_log_group.flow_log",
            "module.networking.module.vpc.aws_customer_gateway.this",
            "module.networking.module.vpc.aws_db_subnet_group.database",
            "module.networking.module.vpc.aws_default_network_acl.this",
            "module.networking.module.vpc.aws_default_route_table.default",
            "module.networking.module.vpc.aws_default_security_group.this",
            "module.networking.module.vpc.aws_default_vpc.this",
            "module.networking.module.vpc.aws_egress_only_internet_gateway.this",
            "module.networking.module.vpc.aws_eip.nat",
            "module.networking.module.vpc.aws_elasticache_subnet_group.elasticache",
            "module.networking.module.vpc.aws_flow_log.this",
            "module.networking.module.vpc.aws_iam_policy.vpc_flow_log_cloudwatch",
            "module.networking.module.vpc.aws_iam_role.vpc_flow_log_cloudwatch",
            "module.networking.module.vpc.aws_iam_role_policy_attachment.vpc_flow_log_cloudwatch",
            "module.networking.module.vpc.aws_internet_gateway.this",
            "module.networking.module.vpc.aws_nat_gateway.this",
            "module.networking.module.vpc.aws_network_acl.database",
            "module.networking.module.vpc.aws_network_acl.elasticache",
            "module.networking.module.vpc.aws_network_acl.intra",
            "module.networking.module.vpc.aws_network_acl.outpost",
            "module.networking.module.vpc.aws_network_acl.private",
            "module.networking.module.vpc.aws_network_acl.public",
            "module.networking.module.vpc.aws_network_acl.redshift",
            "module.networking.module.vpc.aws_network_acl_rule.database_inbound",
            "module.networking.module.vpc.aws_network_acl_rule.database_outbound",
            "module.networking.module.vpc.aws_network_acl_rule.elasticache_inbound",
            "module.networking.module.vpc.aws_network_acl_rule.elasticache_outbound",
            "module.networking.module.vpc.aws_network_acl_rule.intra_inbound",
            "module.networking.module.vpc.aws_network_acl_rule.intra_outbound",
            "module.networking.module.vpc.aws_network_acl_rule.outpost_inbound",
            "module.networking.module.vpc.aws_network_acl_rule.outpost_outbound",
            "module.networking.module.vpc.aws_network_acl_rule.private_inbound",
            "module.networking.module.vpc.aws_network_acl_rule.private_outbound",
            "module.networking.module.vpc.aws_network_acl_rule.public_inbound",
            "module.networking.module.vpc.aws_network_acl_rule.public_outbound",
            "module.networking.module.vpc.aws_network_acl_rule.redshift_inbound",
            "module.networking.module.vpc.aws_network_acl_rule.redshift_outbound",
            "module.networking.module.vpc.aws_redshift_subnet_group.redshift",
            "module.networking.module.vpc.aws_route.database_internet_gateway",
            "module.networking.module.vpc.aws_route.database_ipv6_egress",
            "module.networking.module.vpc.aws_route.database_nat_gateway",
            "module.networking.module.vpc.aws_route.private_ipv6_egress",
            "module.networking.module.vpc.aws_route.private_nat_gateway",
            "module.networking.module.vpc.aws_route.public_internet_gateway",
            "module.networking.module.vpc.aws_route.public_internet_gateway_ipv6",
            "module.networking.module.vpc.aws_route_table.database",
            "module.networking.module.vpc.aws_route_table.elasticache",
            "module.networking.module.vpc.aws_route_table.intra",
            "module.networking.module.vpc.aws_route_table.private",
            "module.networking.module.vpc.aws_route_table.public",
            "module.networking.module.vpc.aws_route_table.redshift",
            "module.networking.module.vpc.aws_route_table_association.database",
            "module.networking.module.vpc.aws_route_table_association.elasticache",
            "module.networking.module.vpc.aws_route_table_association.intra",
            "module.networking.module.vpc.aws_route_table_association.outpost",
            "module.networking.module.vpc.aws_route_table_association.private",
            "module.networking.module.vpc.aws_route_table_association.public",
            "module.networking.module.vpc.aws_route_table_association.redshift",
            "module.networking.module.vpc.aws_route_table_association.redshift_public",
            "module.networking.module.vpc.aws_subnet.database",
            "module.networking.module.vpc.aws_subnet.elasticache",
            "module.networking.module.vpc.aws_subnet.intra",
            "module.networking.module.vpc.aws_subnet.outpost",
            "module.networking.module.vpc.aws_subnet.private",
            "module.networking.module.vpc.aws_subnet.public",
            "module.networking.module.vpc.aws_subnet.redshift",
            "module.networking.module.vpc.aws_vpc.this",
            "module.networking.module.vpc.aws_vpc_dhcp_options.this",
            "module.networking.module.vpc.aws_vpc_dhcp_options_association.this",
            "module.networking.module.vpc.aws_vpc_ipv4_cidr_block_association.this",
            "module.networking.module.vpc.aws_vpn_gateway.this",
            "module.networking.module.vpc.aws_vpn_gateway_attachment.this",
            "module.networking.module.vpc.aws_vpn_gateway_route_propagation.intra",
            "module.networking.module.vpc.aws_vpn_gateway_route_propagation.private",
            "module.networking.module.vpc.aws_vpn_gateway_route_propagation.public",
            "module.networking.module.vpc.data.aws_iam_policy_document.flow_log_cloudwatch_assume_role",
            "module.networking.module.vpc.data.aws_iam_policy_document.vpc_flow_log_cloudwatch",
            "module.networking.module.web_sg.aws_security_group.security_group"
          ]
        }
      ]
    },
    {
      "module": "module.autoscaling.module.alb",
      "mode": "managed",
      "type": "aws_lb_listener",
      "name": "frontend_http_tcp",
      "provider": "provider[\"registry.terraform.io/hashicorp/aws\"]",
      "instances": [
        {
          "index_key": 0,
          "schema_version": 0,
          "attributes": {
            "alpn_policy": null,
            "arn": "arn:aws:elasticloadbalancing:ap-northeast-1:459716160169:listener/app/multi-tier-app/f2607f2d7ed16065/64014b2d01c861ec",
            "certificate_arn": null,
            "default_action": [
              {
                "authenticate_cognito": [],
                "authenticate_oidc": [],
                "fixed_response": [],
                "forward": [],
                "order": 1,
                "redirect": [],
                "target_group_arn": "arn:aws:elasticloadbalancing:ap-northeast-1:459716160169:targetgroup/web20220728182451655100000001/95098afd9ae38d8b",
                "type": "forward"
              }
            ],
            "id": "arn:aws:elasticloadbalancing:ap-northeast-1:459716160169:listener/app/multi-tier-app/f2607f2d7ed16065/64014b2d01c861ec",
            "load_balancer_arn": "arn:aws:elasticloadbalancing:ap-northeast-1:459716160169:loadbalancer/app/multi-tier-app/f2607f2d7ed16065",
            "port": 80,
            "protocol": "HTTP",
            "ssl_policy": "",
            "tags": {},
            "tags_all": {},
            "timeouts": null
          },
          "sensitive_attributes": [],
          "private": "eyJlMmJmYjczMC1lY2FhLTExZTYtOGY4OC0zNDM2M2JjN2M0YzAiOnsicmVhZCI6NjAwMDAwMDAwMDAwfX0=",
          "dependencies": [
            "module.autoscaling.module.alb.aws_lb.this",
            "module.autoscaling.module.alb.aws_lb_target_group.main",
            "module.networking.data.aws_availability_zones.available",
            "module.networking.module.alb_sg.aws_security_group.security_group",
            "module.networking.module.db_sg.aws_security_group.security_group",
            "module.networking.module.vpc.aws_cloudwatch_log_group.flow_log",
            "module.networking.module.vpc.aws_customer_gateway.this",
            "module.networking.module.vpc.aws_db_subnet_group.database",
            "module.networking.module.vpc.aws_default_network_acl.this",
            "module.networking.module.vpc.aws_default_route_table.default",
            "module.networking.module.vpc.aws_default_security_group.this",
            "module.networking.module.vpc.aws_default_vpc.this",
            "module.networking.module.vpc.aws_egress_only_internet_gateway.this",
            "module.networking.module.vpc.aws_eip.nat",
            "module.networking.module.vpc.aws_elasticache_subnet_group.elasticache",
            "module.networking.module.vpc.aws_flow_log.this",
            "module.networking.module.vpc.aws_iam_policy.vpc_flow_log_cloudwatch",
            "module.networking.module.vpc.aws_iam_role.vpc_flow_log_cloudwatch",
            "module.networking.module.vpc.aws_iam_role_policy_attachment.vpc_flow_log_cloudwatch",
            "module.networking.module.vpc.aws_internet_gateway.this",
            "module.networking.module.vpc.aws_nat_gateway.this",
            "module.networking.module.vpc.aws_network_acl.database",
            "module.networking.module.vpc.aws_network_acl.elasticache",
            "module.networking.module.vpc.aws_network_acl.intra",
            "module.networking.module.vpc.aws_network_acl.outpost",
            "module.networking.module.vpc.aws_network_acl.private",
            "module.networking.module.vpc.aws_network_acl.public",
            "module.networking.module.vpc.aws_network_acl.redshift",
            "module.networking.module.vpc.aws_network_acl_rule.database_inbound",
            "module.networking.module.vpc.aws_network_acl_rule.database_outbound",
            "module.networking.module.vpc.aws_network_acl_rule.elasticache_inbound",
            "module.networking.module.vpc.aws_network_acl_rule.elasticache_outbound",
            "module.networking.module.vpc.aws_network_acl_rule.intra_inbound",
            "module.networking.module.vpc.aws_network_acl_rule.intra_outbound",
            "module.networking.module.vpc.aws_network_acl_rule.outpost_inbound",
            "module.networking.module.vpc.aws_network_acl_rule.outpost_outbound",
            "module.networking.module.vpc.aws_network_acl_rule.private_inbound",
            "module.networking.module.vpc.aws_network_acl_rule.private_outbound",
            "module.networking.module.vpc.aws_network_acl_rule.public_inbound",
            "module.networking.module.vpc.aws_network_acl_rule.public_outbound",
            "module.networking.module.vpc.aws_network_acl_rule.redshift_inbound",
            "module.networking.module.vpc.aws_network_acl_rule.redshift_outbound",
            "module.networking.module.vpc.aws_redshift_subnet_group.redshift",
            "module.networking.module.vpc.aws_route.database_internet_gateway",
            "module.networking.module.vpc.aws_route.database_ipv6_egress",
            "module.networking.module.vpc.aws_route.database_nat_gateway",
            "module.networking.module.vpc.aws_route.private_ipv6_egress",
            "module.networking.module.vpc.aws_route.private_nat_gateway",
            "module.networking.module.vpc.aws_route.public_internet_gateway",
            "module.networking.module.vpc.aws_route.public_internet_gateway_ipv6",
            "module.networking.module.vpc.aws_route_table.database",
            "module.networking.module.vpc.aws_route_table.elasticache",
            "module.networking.module.vpc.aws_route_table.intra",
            "module.networking.module.vpc.aws_route_table.private",
            "module.networking.module.vpc.aws_route_table.public",
            "module.networking.module.vpc.aws_route_table.redshift",
            "module.networking.module.vpc.aws_route_table_association.database",
            "module.networking.module.vpc.aws_route_table_association.elasticache",
            "module.networking.module.vpc.aws_route_table_association.intra",
            "module.networking.module.vpc.aws_route_table_association.outpost",
            "module.networking.module.vpc.aws_route_table_association.private",
            "module.networking.module.vpc.aws_route_table_association.public",
            "module.networking.module.vpc.aws_route_table_association.redshift",
            "module.networking.module.vpc.aws_route_table_association.redshift_public",
            "module.networking.module.vpc.aws_subnet.database",
            "module.networking.module.vpc.aws_subnet.elasticache",
            "module.networking.module.vpc.aws_subnet.intra",
            "module.networking.module.vpc.aws_subnet.outpost",
            "module.networking.module.vpc.aws_subnet.private",
            "module.networking.module.vpc.aws_subnet.public",
            "module.networking.module.vpc.aws_subnet.redshift",
            "module.networking.module.vpc.aws_vpc.this",
            "module.networking.module.vpc.aws_vpc_dhcp_options.this",
            "module.networking.module.vpc.aws_vpc_dhcp_options_association.this",
            "module.networking.module.vpc.aws_vpc_ipv4_cidr_block_association.this",
            "module.networking.module.vpc.aws_vpn_gateway.this",
            "module.networking.module.vpc.aws_vpn_gateway_attachment.this",
            "module.networking.module.vpc.aws_vpn_gateway_route_propagation.intra",
            "module.networking.module.vpc.aws_vpn_gateway_route_propagation.private",
            "module.networking.module.vpc.aws_vpn_gateway_route_propagation.public",
            "module.networking.module.vpc.data.aws_iam_policy_document.flow_log_cloudwatch_assume_role",
            "module.networking.module.vpc.data.aws_iam_policy_document.vpc_flow_log_cloudwatch",
            "module.networking.module.web_sg.aws_security_group.security_group"
          ]
        }
      ]
    },
    {
      "module": "module.autoscaling.module.alb",
      "mode": "managed",
      "type": "aws_lb_target_group",
      "name": "main",
      "provider": "provider[\"registry.terraform.io/hashicorp/aws\"]",
      "instances": [
        {
          "index_key": 0,
          "schema_version": 0,
          "attributes": {
            "arn": "arn:aws:elasticloadbalancing:ap-northeast-1:459716160169:targetgroup/web20220728182451655100000001/95098afd9ae38d8b",
            "arn_suffix": "targetgroup/web20220728182451655100000001/95098afd9ae38d8b",
            "connection_termination": false,
            "deregistration_delay": "300",
            "health_check": [
              {
                "enabled": true,
                "healthy_threshold": 5,
                "interval": 30,
                "matcher": "200",
                "path": "/",
                "port": "traffic-port",
                "protocol": "HTTP",
                "timeout": 5,
                "unhealthy_threshold": 2
              }
            ],
            "id": "arn:aws:elasticloadbalancing:ap-northeast-1:459716160169:targetgroup/web20220728182451655100000001/95098afd9ae38d8b",
            "lambda_multi_value_headers_enabled": false,
            "load_balancing_algorithm_type": "round_robin",
            "name": "web20220728182451655100000001",
            "name_prefix": "web",
            "port": 80,
            "preserve_client_ip": null,
            "protocol": "HTTP",
            "protocol_version": "HTTP1",
            "proxy_protocol_v2": false,
            "slow_start": 0,
            "stickiness": [
              {
                "cookie_duration": 86400,
                "cookie_name": "",
                "enabled": false,
                "type": "lb_cookie"
              }
            ],
            "tags": {
              "Name": "web"
            },
            "tags_all": {
              "Name": "web"
            },
            "target_type": "instance",
            "vpc_id": "vpc-0a829e4d3e9ddf1da"
          },
          "sensitive_attributes": [],
          "private": "bnVsbA==",
          "dependencies": [
            "module.networking.data.aws_availability_zones.available",
            "module.networking.module.vpc.aws_cloudwatch_log_group.flow_log",
            "module.networking.module.vpc.aws_customer_gateway.this",
            "module.networking.module.vpc.aws_db_subnet_group.database",
            "module.networking.module.vpc.aws_default_network_acl.this",
            "module.networking.module.vpc.aws_default_route_table.default",
            "module.networking.module.vpc.aws_default_security_group.this",
            "module.networking.module.vpc.aws_default_vpc.this",
            "module.networking.module.vpc.aws_egress_only_internet_gateway.this",
            "module.networking.module.vpc.aws_eip.nat",
            "module.networking.module.vpc.aws_elasticache_subnet_group.elasticache",
            "module.networking.module.vpc.aws_flow_log.this",
            "module.networking.module.vpc.aws_iam_policy.vpc_flow_log_cloudwatch",
            "module.networking.module.vpc.aws_iam_role.vpc_flow_log_cloudwatch",
            "module.networking.module.vpc.aws_iam_role_policy_attachment.vpc_flow_log_cloudwatch",
            "module.networking.module.vpc.aws_internet_gateway.this",
            "module.networking.module.vpc.aws_nat_gateway.this",
            "module.networking.module.vpc.aws_network_acl.database",
            "module.networking.module.vpc.aws_network_acl.elasticache",
            "module.networking.module.vpc.aws_network_acl.intra",
            "module.networking.module.vpc.aws_network_acl.outpost",
            "module.networking.module.vpc.aws_network_acl.private",
            "module.networking.module.vpc.aws_network_acl.public",
            "module.networking.module.vpc.aws_network_acl.redshift",
            "module.networking.module.vpc.aws_network_acl_rule.database_inbound",
            "module.networking.module.vpc.aws_network_acl_rule.database_outbound",
            "module.networking.module.vpc.aws_network_acl_rule.elasticache_inbound",
            "module.networking.module.vpc.aws_network_acl_rule.elasticache_outbound",
            "module.networking.module.vpc.aws_network_acl_rule.intra_inbound",
            "module.networking.module.vpc.aws_network_acl_rule.intra_outbound",
            "module.networking.module.vpc.aws_network_acl_rule.outpost_inbound",
            "module.networking.module.vpc.aws_network_acl_rule.outpost_outbound",
            "module.networking.module.vpc.aws_network_acl_rule.private_inbound",
            "module.networking.module.vpc.aws_network_acl_rule.private_outbound",
            "module.networking.module.vpc.aws_network_acl_rule.public_inbound",
            "module.networking.module.vpc.aws_network_acl_rule.public_outbound",
            "module.networking.module.vpc.aws_network_acl_rule.redshift_inbound",
            "module.networking.module.vpc.aws_network_acl_rule.redshift_outbound",
            "module.networking.module.vpc.aws_redshift_subnet_group.redshift",
            "module.networking.module.vpc.aws_route.database_internet_gateway",
            "module.networking.module.vpc.aws_route.database_ipv6_egress",
            "module.networking.module.vpc.aws_route.database_nat_gateway",
            "module.networking.module.vpc.aws_route.private_ipv6_egress",
            "module.networking.module.vpc.aws_route.private_nat_gateway",
            "module.networking.module.vpc.aws_route.public_internet_gateway",
            "module.networking.module.vpc.aws_route.public_internet_gateway_ipv6",
            "module.networking.module.vpc.aws_route_table.database",
            "module.networking.module.vpc.aws_route_table.elasticache",
            "module.networking.module.vpc.aws_route_table.intra",
            "module.networking.module.vpc.aws_route_table.private",
            "module.networking.module.vpc.aws_route_table.public",
            "module.networking.module.vpc.aws_route_table.redshift",
            "module.networking.module.vpc.aws_route_table_association.database",
            "module.networking.module.vpc.aws_route_table_association.elasticache",
            "module.networking.module.vpc.aws_route_table_association.intra",
            "module.networking.module.vpc.aws_route_table_association.outpost",
            "module.networking.module.vpc.aws_route_table_association.private",
            "module.networking.module.vpc.aws_route_table_association.public",
            "module.networking.module.vpc.aws_route_table_association.redshift",
            "module.networking.module.vpc.aws_route_table_association.redshift_public",
            "module.networking.module.vpc.aws_subnet.database",
            "module.networking.module.vpc.aws_subnet.elasticache",
            "module.networking.module.vpc.aws_subnet.intra",
            "module.networking.module.vpc.aws_subnet.outpost",
            "module.networking.module.vpc.aws_subnet.private",
            "module.networking.module.vpc.aws_subnet.public",
            "module.networking.module.vpc.aws_subnet.redshift",
            "module.networking.module.vpc.aws_vpc.this",
            "module.networking.module.vpc.aws_vpc_dhcp_options.this",
            "module.networking.module.vpc.aws_vpc_dhcp_options_association.this",
            "module.networking.module.vpc.aws_vpc_ipv4_cidr_block_association.this",
            "module.networking.module.vpc.aws_vpn_gateway.this",
            "module.networking.module.vpc.aws_vpn_gateway_attachment.this",
            "module.networking.module.vpc.aws_vpn_gateway_route_propagation.intra",
            "module.networking.module.vpc.aws_vpn_gateway_route_propagation.private",
            "module.networking.module.vpc.aws_vpn_gateway_route_propagation.public",
            "module.networking.module.vpc.data.aws_iam_policy_document.flow_log_cloudwatch_assume_role",
            "module.networking.module.vpc.data.aws_iam_policy_document.vpc_flow_log_cloudwatch"
          ],
          "create_before_destroy": true
        }
      ]
    },
    {
      "module": "module.autoscaling.module.iam_instance_profile",
      "mode": "data",
      "type": "aws_iam_policy_document",
      "name": "iam_policy_document",
      "provider": "provider[\"registry.terraform.io/hashicorp/aws\"]",
      "instances": [
        {
          "schema_version": 0,
          "attributes": {
            "id": "2717263653",
            "json": "{\n  \"Version\": \"2012-10-17\",\n  \"Statement\": [\n    {\n      \"Sid\": \"\",\n      \"Effect\": \"Allow\",\n      \"Action\": [\n        \"rds:*\",\n        \"logs:*\"\n      ],\n      \"Resource\": \"*\"\n    }\n  ]\n}",
            "override_json": null,
            "override_policy_documents": null,
            "policy_id": null,
            "source_json": null,
            "source_policy_documents": null,
            "statement": [
              {
                "actions": [
                  "logs:*",
                  "rds:*"
                ],
                "condition": [],
                "effect": "Allow",
                "not_actions": [],
                "not_principals": [],
                "not_resources": [],
                "principals": [],
                "resources": [
                  "*"
                ],
                "sid": ""
              }
            ],
            "version": "2012-10-17"
          },
          "sensitive_attributes": []
        }
      ]
    },
    {
      "module": "module.autoscaling.module.iam_instance_profile",
      "mode": "managed",
      "type": "aws_iam_instance_profile",
      "name": "iam_instance_profile",
      "provider": "provider[\"registry.terraform.io/hashicorp/aws\"]",
      "instances": [
        {
          "schema_version": 0,
          "attributes": {
            "arn": "arn:aws:iam::459716160169:instance-profile/terraform-20220728181702167100000004",
            "create_date": "2022-07-28T18:17:02Z",
            "id": "terraform-20220728181702167100000004",
            "name": "terraform-20220728181702167100000004",
            "name_prefix": null,
            "path": "/",
            "role": "terraform-20220728181659712300000001",
            "tags": {},
            "tags_all": {},
            "unique_id": "AIPAWWCJX5KUWUG3KDMSI"
          },
          "sensitive_attributes": [],
          "private": "bnVsbA==",
          "dependencies": [
            "module.autoscaling.module.iam_instance_profile.aws_iam_role.iam_role"
          ]
        }
      ]
    },
    {
      "module": "module.autoscaling.module.iam_instance_profile",
      "mode": "managed",
      "type": "aws_iam_role",
      "name": "iam_role",
      "provider": "provider[\"registry.terraform.io/hashicorp/aws\"]",
      "instances": [
        {
          "schema_version": 0,
          "attributes": {
            "arn": "arn:aws:iam::459716160169:role/terraform-20220728181659712300000001",
            "assume_role_policy": "{\"Statement\":[{\"Action\":\"sts:AssumeRole\",\"Effect\":\"Allow\",\"Principal\":{\"Service\":\"ec2.amazonaws.com\"}}],\"Version\":\"2012-10-17\"}",
            "create_date": "2022-07-28T18:17:00Z",
            "description": "",
            "force_detach_policies": false,
            "id": "terraform-20220728181659712300000001",
            "inline_policy": [
              {
                "name": "terraform-20220728181702166500000003",
                "policy": "{\n  \"Version\": \"2012-10-17\",\n  \"Statement\": [\n    {\n      \"Sid\": \"\",\n      \"Effect\": \"Allow\",\n      \"Action\": [\n        \"rds:*\",\n        \"logs:*\"\n      ],\n      \"Resource\": \"*\"\n    }\n  ]\n}"
              }
            ],
            "managed_policy_arns": [],
            "max_session_duration": 3600,
            "name": "terraform-20220728181659712300000001",
            "name_prefix": "terraform-",
            "path": "/",
            "permissions_boundary": null,
            "tags": {},
            "tags_all": {},
            "unique_id": "AROAWWCJX5KU4WOGAAPPS"
          },
          "sensitive_attributes": [],
          "private": "bnVsbA=="
        }
      ]
    },
    {
      "module": "module.autoscaling.module.iam_instance_profile",
      "mode": "managed",
      "type": "aws_iam_role_policy",
      "name": "iam_role_policy",
      "provider": "provider[\"registry.terraform.io/hashicorp/aws\"]",
      "instances": [
        {
          "schema_version": 0,
          "attributes": {
            "id": "terraform-20220728181659712300000001:terraform-20220728181702166500000003",
            "name": "terraform-20220728181702166500000003",
            "name_prefix": null,
            "policy": "{\n  \"Version\": \"2012-10-17\",\n  \"Statement\": [\n    {\n      \"Sid\": \"\",\n      \"Effect\": \"Allow\",\n      \"Action\": [\n        \"rds:*\",\n        \"logs:*\"\n      ],\n      \"Resource\": \"*\"\n    }\n  ]\n}",
            "role": "terraform-20220728181659712300000001"
          },
          "sensitive_attributes": [],
          "private": "bnVsbA==",
          "dependencies": [
            "module.autoscaling.module.iam_instance_profile.aws_iam_role.iam_role",
            "module.autoscaling.module.iam_instance_profile.data.aws_iam_policy_document.iam_policy_document"
          ]
        }
      ]
    },
    {
      "module": "module.database",
      "mode": "managed",
      "type": "aws_db_instance",
      "name": "database",
      "provider": "provider[\"registry.terraform.io/hashicorp/aws\"]",
      "instances": [
        {
          "schema_version": 1,
          "attributes": {
            "address": "multi-tier-app-db-instance.cirtlsktg0ek.ap-northeast-1.rds.amazonaws.com",
            "allocated_storage": 20,
            "allow_major_version_upgrade": null,
            "apply_immediately": null,
            "arn": "arn:aws:rds:ap-northeast-1:459716160169:db:multi-tier-app-db-instance",
            "auto_minor_version_upgrade": true,
            "availability_zone": "ap-northeast-1a",
            "backup_retention_period": 0,
            "backup_window": "20:18-20:48",
            "ca_cert_identifier": "rds-ca-2019",
            "character_set_name": "",
            "copy_tags_to_snapshot": false,
            "customer_owned_ip_enabled": false,
            "db_name": "milti_tier_app_db",
            "db_subnet_group_name": "multi-tier-app-vpc",
            "delete_automated_backups": true,
            "deletion_protection": false,
            "domain": "",
            "domain_iam_role_name": "",
            "enabled_cloudwatch_logs_exports": null,
            "endpoint": "multi-tier-app-db-instance.cirtlsktg0ek.ap-northeast-1.rds.amazonaws.com:5432",
            "engine": "postgres",
            "engine_version": "12.7",
            "engine_version_actual": "12.7",
            "final_snapshot_identifier": null,
            "hosted_zone_id": "Z24O6O9L7SGTNB",
            "iam_database_authentication_enabled": false,
            "id": "multi-tier-app-db-instance",
            "identifier": "multi-tier-app-db-instance",
            "identifier_prefix": "",
            "instance_class": "db.t2.micro",
            "iops": 0,
            "kms_key_id": "",
            "latest_restorable_time": "0001-01-01T00:00:00Z",
            "license_model": "postgresql-license",
            "maintenance_window": "thu:16:23-thu:16:53",
            "max_allocated_storage": 0,
            "monitoring_interval": 0,
            "monitoring_role_arn": "",
            "multi_az": false,
            "name": "milti_tier_app_db",
            "nchar_character_set_name": "",
            "option_group_name": "default:postgres-12",
            "parameter_group_name": "default.postgres12",
            "password": "o524z_Fq4vZwfzUj",
            "performance_insights_enabled": false,
            "performance_insights_kms_key_id": "",
            "performance_insights_retention_period": 0,
            "port": 5432,
            "publicly_accessible": false,
            "replica_mode": "",
            "replicas": [],
            "replicate_source_db": "",
            "resource_id": "db-FT5ERWG5VMFPDLDFVQRXPVWUFU",
            "restore_to_point_in_time": [],
            "s3_import": [],
            "security_group_names": null,
            "skip_final_snapshot": true,
            "snapshot_identifier": null,
            "status": "available",
            "storage_encrypted": false,
            "storage_type": "gp2",
            "tags": null,
            "tags_all": {},
            "timeouts": null,
            "timezone": "",
            "username": "adroot",
            "vpc_security_group_ids": [
              "sg-0cc30a2f6b60aae69"
            ]
          },
          "sensitive_attributes": [
            [
              {
                "type": "get_attr",
                "value": "password"
              }
            ]
          ],
          "private": "eyJlMmJmYjczMC1lY2FhLTExZTYtOGY4OC0zNDM2M2JjN2M0YzAiOnsiY3JlYXRlIjoyNDAwMDAwMDAwMDAwLCJkZWxldGUiOjM2MDAwMDAwMDAwMDAsInVwZGF0ZSI6NDgwMDAwMDAwMDAwMH0sInNjaGVtYV92ZXJzaW9uIjoiMSJ9",
          "dependencies": [
            "module.database.random_password.password",
            "module.networking.data.aws_availability_zones.available",
            "module.networking.module.alb_sg.aws_security_group.security_group",
            "module.networking.module.db_sg.aws_security_group.security_group",
            "module.networking.module.vpc.aws_cloudwatch_log_group.flow_log",
            "module.networking.module.vpc.aws_customer_gateway.this",
            "module.networking.module.vpc.aws_db_subnet_group.database",
            "module.networking.module.vpc.aws_default_network_acl.this",
            "module.networking.module.vpc.aws_default_route_table.default",
            "module.networking.module.vpc.aws_default_security_group.this",
            "module.networking.module.vpc.aws_default_vpc.this",
            "module.networking.module.vpc.aws_egress_only_internet_gateway.this",
            "module.networking.module.vpc.aws_eip.nat",
            "module.networking.module.vpc.aws_elasticache_subnet_group.elasticache",
            "module.networking.module.vpc.aws_flow_log.this",
            "module.networking.module.vpc.aws_iam_policy.vpc_flow_log_cloudwatch",
            "module.networking.module.vpc.aws_iam_role.vpc_flow_log_cloudwatch",
            "module.networking.module.vpc.aws_iam_role_policy_attachment.vpc_flow_log_cloudwatch",
            "module.networking.module.vpc.aws_internet_gateway.this",
            "module.networking.module.vpc.aws_nat_gateway.this",
            "module.networking.module.vpc.aws_network_acl.database",
            "module.networking.module.vpc.aws_network_acl.elasticache",
            "module.networking.module.vpc.aws_network_acl.intra",
            "module.networking.module.vpc.aws_network_acl.outpost",
            "module.networking.module.vpc.aws_network_acl.private",
            "module.networking.module.vpc.aws_network_acl.public",
            "module.networking.module.vpc.aws_network_acl.redshift",
            "module.networking.module.vpc.aws_network_acl_rule.database_inbound",
            "module.networking.module.vpc.aws_network_acl_rule.database_outbound",
            "module.networking.module.vpc.aws_network_acl_rule.elasticache_inbound",
            "module.networking.module.vpc.aws_network_acl_rule.elasticache_outbound",
            "module.networking.module.vpc.aws_network_acl_rule.intra_inbound",
            "module.networking.module.vpc.aws_network_acl_rule.intra_outbound",
            "module.networking.module.vpc.aws_network_acl_rule.outpost_inbound",
            "module.networking.module.vpc.aws_network_acl_rule.outpost_outbound",
            "module.networking.module.vpc.aws_network_acl_rule.private_inbound",
            "module.networking.module.vpc.aws_network_acl_rule.private_outbound",
            "module.networking.module.vpc.aws_network_acl_rule.public_inbound",
            "module.networking.module.vpc.aws_network_acl_rule.public_outbound",
            "module.networking.module.vpc.aws_network_acl_rule.redshift_inbound",
            "module.networking.module.vpc.aws_network_acl_rule.redshift_outbound",
            "module.networking.module.vpc.aws_redshift_subnet_group.redshift",
            "module.networking.module.vpc.aws_route.database_internet_gateway",
            "module.networking.module.vpc.aws_route.database_ipv6_egress",
            "module.networking.module.vpc.aws_route.database_nat_gateway",
            "module.networking.module.vpc.aws_route.private_ipv6_egress",
            "module.networking.module.vpc.aws_route.private_nat_gateway",
            "module.networking.module.vpc.aws_route.public_internet_gateway",
            "module.networking.module.vpc.aws_route.public_internet_gateway_ipv6",
            "module.networking.module.vpc.aws_route_table.database",
            "module.networking.module.vpc.aws_route_table.elasticache",
            "module.networking.module.vpc.aws_route_table.intra",
            "module.networking.module.vpc.aws_route_table.private",
            "module.networking.module.vpc.aws_route_table.public",
            "module.networking.module.vpc.aws_route_table.redshift",
            "module.networking.module.vpc.aws_route_table_association.database",
            "module.networking.module.vpc.aws_route_table_association.elasticache",
            "module.networking.module.vpc.aws_route_table_association.intra",
            "module.networking.module.vpc.aws_route_table_association.outpost",
            "module.networking.module.vpc.aws_route_table_association.private",
            "module.networking.module.vpc.aws_route_table_association.public",
            "module.networking.module.vpc.aws_route_table_association.redshift",
            "module.networking.module.vpc.aws_route_table_association.redshift_public",
            "module.networking.module.vpc.aws_subnet.database",
            "module.networking.module.vpc.aws_subnet.elasticache",
            "module.networking.module.vpc.aws_subnet.intra",
            "module.networking.module.vpc.aws_subnet.outpost",
            "module.networking.module.vpc.aws_subnet.private",
            "module.networking.module.vpc.aws_subnet.public",
            "module.networking.module.vpc.aws_subnet.redshift",
            "module.networking.module.vpc.aws_vpc.this",
            "module.networking.module.vpc.aws_vpc_dhcp_options.this",
            "module.networking.module.vpc.aws_vpc_dhcp_options_association.this",
            "module.networking.module.vpc.aws_vpc_ipv4_cidr_block_association.this",
            "module.networking.module.vpc.aws_vpn_gateway.this",
            "module.networking.module.vpc.aws_vpn_gateway_attachment.this",
            "module.networking.module.vpc.aws_vpn_gateway_route_propagation.intra",
            "module.networking.module.vpc.aws_vpn_gateway_route_propagation.private",
            "module.networking.module.vpc.aws_vpn_gateway_route_propagation.public",
            "module.networking.module.vpc.data.aws_iam_policy_document.flow_log_cloudwatch_assume_role",
            "module.networking.module.vpc.data.aws_iam_policy_document.vpc_flow_log_cloudwatch",
            "module.networking.module.web_sg.aws_security_group.security_group"
          ]
        }
      ]
    },
    {
      "module": "module.database",
      "mode": "managed",
      "type": "random_password",
      "name": "password",
      "provider": "provider[\"registry.terraform.io/hashicorp/random\"]",
      "instances": [
        {
          "schema_version": 2,
          "attributes": {
            "bcrypt_hash": "$2a$10$vapfuBVFYf8bpcuHBz3clOhONo3ntsbYkpTt9jSMIWClbIVBxC3L.",
            "id": "none",
            "keepers": null,
            "length": 16,
            "lower": true,
            "min_lower": 0,
            "min_numeric": 0,
            "min_special": 0,
            "min_upper": 0,
            "number": true,
            "numeric": true,
            "override_special": "_%@",
            "result": "o524z_Fq4vZwfzUj",
            "special": true,
            "upper": true
          },
          "sensitive_attributes": [],
          "private": "eyJzY2hlbWFfdmVyc2lvbiI6IjIifQ=="
        }
      ]
    },
    {
      "module": "module.networking",
      "mode": "data",
      "type": "aws_availability_zones",
      "name": "available",
      "provider": "provider[\"registry.terraform.io/hashicorp/aws\"]",
      "instances": [
        {
          "schema_version": 0,
          "attributes": {
            "all_availability_zones": null,
            "exclude_names": null,
            "exclude_zone_ids": null,
            "filter": null,
            "group_names": [
              "ap-northeast-1"
            ],
            "id": "ap-northeast-1",
            "names": [
              "ap-northeast-1a",
              "ap-northeast-1c",
              "ap-northeast-1d"
            ],
            "state": "available",
            "zone_ids": [
              "apne1-az4",
              "apne1-az1",
              "apne1-az2"
            ]
          },
          "sensitive_attributes": []
        }
      ]
    },
    {
      "module": "module.networking.module.alb_sg",
      "mode": "managed",
      "type": "aws_security_group",
      "name": "security_group",
      "provider": "provider[\"registry.terraform.io/hashicorp/aws\"]",
      "instances": [
        {
          "schema_version": 1,
          "attributes": {
            "arn": "arn:aws:ec2:ap-northeast-1:459716160169:security-group/sg-0a28132db35feb6bf",
            "description": "Managed by Terraform",
            "egress": [
              {
                "cidr_blocks": [
                  "0.0.0.0/0"
                ],
                "description": "",
                "from_port": 0,
                "ipv6_cidr_blocks": [],
                "prefix_list_ids": [],
                "protocol": "-1",
                "security_groups": [],
                "self": false,
                "to_port": 0
              }
            ],
            "id": "sg-0a28132db35feb6bf",
            "ingress": [
              {
                "cidr_blocks": [],
                "description": "",
                "from_port": 80,
                "ipv6_cidr_blocks": [],
                "prefix_list_ids": [],
                "protocol": "tcp",
                "security_groups": [],
                "self": false,
                "to_port": 80
              },
              {
                "cidr_blocks": [],
                "description": null,
                "from_port": 0,
                "ipv6_cidr_blocks": [],
                "prefix_list_ids": [],
                "protocol": "-1",
                "security_groups": [],
                "self": true,
                "to_port": 0
              }
            ],
            "name": "terraform-20220728181701809800000002",
            "name_prefix": "terraform-",
            "owner_id": "459716160169",
            "revoke_rules_on_delete": false,
            "tags": {},
            "tags_all": {},
            "timeouts": null,
            "vpc_id": "vpc-0a829e4d3e9ddf1da"
          },
          "sensitive_attributes": [],
          "private": "eyJlMmJmYjczMC1lY2FhLTExZTYtOGY4OC0zNDM2M2JjN2M0YzAiOnsiY3JlYXRlIjo2MDAwMDAwMDAwMDAsImRlbGV0ZSI6OTAwMDAwMDAwMDAwfSwic2NoZW1hX3ZlcnNpb24iOiIxIn0=",
          "dependencies": [
            "module.networking.module.vpc.aws_vpc.this"
          ]
        }
      ]
    },
    {
      "module": "module.networking.module.db_sg",
      "mode": "managed",
      "type": "aws_security_group",
      "name": "security_group",
      "provider": "provider[\"registry.terraform.io/hashicorp/aws\"]",
      "instances": [
        {
          "schema_version": 1,
          "attributes": {
            "arn": "arn:aws:ec2:ap-northeast-1:459716160169:security-group/sg-0cc30a2f6b60aae69",
            "description": "Managed by Terraform",
            "egress": [
              {
                "cidr_blocks": [
                  "0.0.0.0/0"
                ],
                "description": "",
                "from_port": 0,
                "ipv6_cidr_blocks": [],
                "prefix_list_ids": [],
                "protocol": "-1",
                "security_groups": [],
                "self": false,
                "to_port": 0
              }
            ],
            "id": "sg-0cc30a2f6b60aae69",
            "ingress": [
              {
                "cidr_blocks": [],
                "description": "",
                "from_port": 0,
                "ipv6_cidr_blocks": [],
                "prefix_list_ids": [],
                "protocol": "-1",
                "security_groups": [],
                "self": true,
                "to_port": 0
              },
              {
                "cidr_blocks": [],
                "description": "",
                "from_port": 5432,
                "ipv6_cidr_blocks": [],
                "prefix_list_ids": [],
                "protocol": "tcp",
                "security_groups": [
                  "sg-0b97505550569453a"
                ],
                "self": false,
                "to_port": 5432
              }
            ],
            "name": "terraform-20220728181707073200000006",
            "name_prefix": "terraform-",
            "owner_id": "459716160169",
            "revoke_rules_on_delete": false,
            "tags": {},
            "tags_all": {},
            "timeouts": null,
            "vpc_id": "vpc-0a829e4d3e9ddf1da"
          },
          "sensitive_attributes": [],
          "private": "eyJlMmJmYjczMC1lY2FhLTExZTYtOGY4OC0zNDM2M2JjN2M0YzAiOnsiY3JlYXRlIjo2MDAwMDAwMDAwMDAsImRlbGV0ZSI6OTAwMDAwMDAwMDAwfSwic2NoZW1hX3ZlcnNpb24iOiIxIn0=",
          "dependencies": [
            "module.networking.module.alb_sg.aws_security_group.security_group",
            "module.networking.module.vpc.aws_vpc.this",
            "module.networking.module.web_sg.aws_security_group.security_group"
          ]
        }
      ]
    },
    {
      "module": "module.networking.module.vpc",
      "mode": "managed",
      "type": "aws_db_subnet_group",
      "name": "database",
      "provider": "provider[\"registry.terraform.io/hashicorp/aws\"]",
      "instances": [
        {
          "index_key": 0,
          "schema_version": 0,
          "attributes": {
            "arn": "arn:aws:rds:ap-northeast-1:459716160169:subgrp:multi-tier-app-vpc",
            "description": "Database subnet group for multi-tier-app-vpc",
            "id": "multi-tier-app-vpc",
            "name": "multi-tier-app-vpc",
            "name_prefix": null,
            "subnet_ids": [
              "subnet-009db10205838819b",
              "subnet-06ce440a650276af7",
              "subnet-07599c961bc19fdd7"
            ],
            "tags": {
              "Name": "multi-tier-app-vpc"
            },
            "tags_all": {
              "Name": "multi-tier-app-vpc"
            }
          },
          "sensitive_attributes": [],
          "private": "bnVsbA==",
          "dependencies": [
            "module.networking.data.aws_availability_zones.available",
            "module.networking.module.vpc.aws_subnet.database",
            "module.networking.module.vpc.aws_vpc.this",
            "module.networking.module.vpc.aws_vpc_ipv4_cidr_block_association.this"
          ],
          "create_before_destroy": true
        }
      ]
    },
    {
      "module": "module.networking.module.vpc",
      "mode": "managed",
      "type": "aws_eip",
      "name": "nat",
      "provider": "provider[\"registry.terraform.io/hashicorp/aws\"]",
      "instances": [
        {
          "index_key": 0,
          "schema_version": 0,
          "attributes": {
            "address": null,
            "allocation_id": "eipalloc-007da1f015845691d",
            "associate_with_private_ip": null,
            "association_id": "eipassoc-06e5d96ba522cf09e",
            "carrier_ip": "",
            "customer_owned_ip": "",
            "customer_owned_ipv4_pool": "",
            "domain": "vpc",
            "id": "eipalloc-007da1f015845691d",
            "instance": "",
            "network_border_group": "ap-northeast-1",
            "network_interface": "eni-09c09579500cc8fa1",
            "private_dns": "ip-10-0-4-81.ap-northeast-1.compute.internal",
            "private_ip": "10.0.4.81",
            "public_dns": "ec2-35-78-155-46.ap-northeast-1.compute.amazonaws.com",
            "public_ip": "35.78.155.46",
            "public_ipv4_pool": "amazon",
            "tags": {
              "Name": "multi-tier-app-vpc-ap-northeast-1a"
            },
            "tags_all": {
              "Name": "multi-tier-app-vpc-ap-northeast-1a"
            },
            "timeouts": null,
            "vpc": true
          },
          "sensitive_attributes": [],
          "private": "eyJlMmJmYjczMC1lY2FhLTExZTYtOGY4OC0zNDM2M2JjN2M0YzAiOnsiZGVsZXRlIjoxODAwMDAwMDAwMDAsInJlYWQiOjkwMDAwMDAwMDAwMCwidXBkYXRlIjozMDAwMDAwMDAwMDB9fQ==",
          "dependencies": [
            "module.networking.data.aws_availability_zones.available"
          ],
          "create_before_destroy": true
        }
      ]
    },
    {
      "module": "module.networking.module.vpc",
      "mode": "managed",
      "type": "aws_internet_gateway",
      "name": "this",
      "provider": "provider[\"registry.terraform.io/hashicorp/aws\"]",
      "instances": [
        {
          "index_key": 0,
          "schema_version": 0,
          "attributes": {
            "arn": "arn:aws:ec2:ap-northeast-1:459716160169:internet-gateway/igw-0f1adec645e757f00",
            "id": "igw-0f1adec645e757f00",
            "owner_id": "459716160169",
            "tags": {
              "Name": "multi-tier-app-vpc"
            },
            "tags_all": {
              "Name": "multi-tier-app-vpc"
            },
            "vpc_id": "vpc-0a829e4d3e9ddf1da"
          },
          "sensitive_attributes": [],
          "private": "bnVsbA==",
          "dependencies": [
            "module.networking.module.vpc.aws_vpc.this",
            "module.networking.module.vpc.aws_vpc_ipv4_cidr_block_association.this"
          ],
          "create_before_destroy": true
        }
      ]
    },
    {
      "module": "module.networking.module.vpc",
      "mode": "managed",
      "type": "aws_nat_gateway",
      "name": "this",
      "provider": "provider[\"registry.terraform.io/hashicorp/aws\"]",
      "instances": [
        {
          "index_key": 0,
          "schema_version": 0,
          "attributes": {
            "allocation_id": "eipalloc-007da1f015845691d",
            "connectivity_type": "public",
            "id": "nat-009e78465966399e6",
            "network_interface_id": "eni-09c09579500cc8fa1",
            "private_ip": "10.0.4.81",
            "public_ip": "35.78.155.46",
            "subnet_id": "subnet-008cbc480bdd8da0e",
            "tags": {
              "Name": "multi-tier-app-vpc-ap-northeast-1a"
            },
            "tags_all": {
              "Name": "multi-tier-app-vpc-ap-northeast-1a"
            }
          },
          "sensitive_attributes": [],
          "private": "bnVsbA==",
          "dependencies": [
            "module.networking.data.aws_availability_zones.available",
            "module.networking.module.vpc.aws_eip.nat",
            "module.networking.module.vpc.aws_internet_gateway.this",
            "module.networking.module.vpc.aws_subnet.public",
            "module.networking.module.vpc.aws_vpc.this",
            "module.networking.module.vpc.aws_vpc_ipv4_cidr_block_association.this"
          ],
          "create_before_destroy": true
        }
      ]
    },
    {
      "module": "module.networking.module.vpc",
      "mode": "managed",
      "type": "aws_route",
      "name": "private_nat_gateway",
      "provider": "provider[\"registry.terraform.io/hashicorp/aws\"]",
      "instances": [
        {
          "index_key": 0,
          "schema_version": 0,
          "attributes": {
            "carrier_gateway_id": "",
            "core_network_arn": "",
            "destination_cidr_block": "0.0.0.0/0",
            "destination_ipv6_cidr_block": "",
            "destination_prefix_list_id": "",
            "egress_only_gateway_id": "",
            "gateway_id": "",
            "id": "r-rtb-00fdd1870e6dd8fb31080289494",
            "instance_id": "",
            "instance_owner_id": "",
            "local_gateway_id": "",
            "nat_gateway_id": "nat-009e78465966399e6",
            "network_interface_id": "",
            "origin": "CreateRoute",
            "route_table_id": "rtb-00fdd1870e6dd8fb3",
            "state": "active",
            "timeouts": {
              "create": "5m",
              "delete": null,
              "update": null
            },
            "transit_gateway_id": "",
            "vpc_endpoint_id": "",
            "vpc_peering_connection_id": ""
          },
          "sensitive_attributes": [],
          "private": "eyJlMmJmYjczMC1lY2FhLTExZTYtOGY4OC0zNDM2M2JjN2M0YzAiOnsiY3JlYXRlIjozMDAwMDAwMDAwMDAsImRlbGV0ZSI6MzAwMDAwMDAwMDAwLCJ1cGRhdGUiOjEyMDAwMDAwMDAwMH19",
          "dependencies": [
            "module.networking.data.aws_availability_zones.available",
            "module.networking.module.vpc.aws_eip.nat",
            "module.networking.module.vpc.aws_internet_gateway.this",
            "module.networking.module.vpc.aws_nat_gateway.this",
            "module.networking.module.vpc.aws_route_table.private",
            "module.networking.module.vpc.aws_subnet.public",
            "module.networking.module.vpc.aws_vpc.this",
            "module.networking.module.vpc.aws_vpc_ipv4_cidr_block_association.this"
          ],
          "create_before_destroy": true
        }
      ]
    },
    {
      "module": "module.networking.module.vpc",
      "mode": "managed",
      "type": "aws_route",
      "name": "public_internet_gateway",
      "provider": "provider[\"registry.terraform.io/hashicorp/aws\"]",
      "instances": [
        {
          "index_key": 0,
          "schema_version": 0,
          "attributes": {
            "carrier_gateway_id": "",
            "core_network_arn": "",
            "destination_cidr_block": "0.0.0.0/0",
            "destination_ipv6_cidr_block": "",
            "destination_prefix_list_id": "",
            "egress_only_gateway_id": "",
            "gateway_id": "igw-0f1adec645e757f00",
            "id": "r-rtb-0b85507ee6ab375671080289494",
            "instance_id": "",
            "instance_owner_id": "",
            "local_gateway_id": "",
            "nat_gateway_id": "",
            "network_interface_id": "",
            "origin": "CreateRoute",
            "route_table_id": "rtb-0b85507ee6ab37567",
            "state": "active",
            "timeouts": {
              "create": "5m",
              "delete": null,
              "update": null
            },
            "transit_gateway_id": "",
            "vpc_endpoint_id": "",
            "vpc_peering_connection_id": ""
          },
          "sensitive_attributes": [],
          "private": "eyJlMmJmYjczMC1lY2FhLTExZTYtOGY4OC0zNDM2M2JjN2M0YzAiOnsiY3JlYXRlIjozMDAwMDAwMDAwMDAsImRlbGV0ZSI6MzAwMDAwMDAwMDAwLCJ1cGRhdGUiOjEyMDAwMDAwMDAwMH19",
          "dependencies": [
            "module.networking.module.vpc.aws_internet_gateway.this",
            "module.networking.module.vpc.aws_route_table.public",
            "module.networking.module.vpc.aws_vpc.this",
            "module.networking.module.vpc.aws_vpc_ipv4_cidr_block_association.this"
          ],
          "create_before_destroy": true
        }
      ]
    },
    {
      "module": "module.networking.module.vpc",
      "mode": "managed",
      "type": "aws_route_table",
      "name": "private",
      "provider": "provider[\"registry.terraform.io/hashicorp/aws\"]",
      "instances": [
        {
          "index_key": 0,
          "schema_version": 0,
          "attributes": {
            "arn": "arn:aws:ec2:ap-northeast-1:459716160169:route-table/rtb-00fdd1870e6dd8fb3",
            "id": "rtb-00fdd1870e6dd8fb3",
            "owner_id": "459716160169",
            "propagating_vgws": [],
            "route": [
              {
                "carrier_gateway_id": "",
                "cidr_block": "0.0.0.0/0",
                "core_network_arn": "",
                "destination_prefix_list_id": "",
                "egress_only_gateway_id": "",
                "gateway_id": "",
                "instance_id": "",
                "ipv6_cidr_block": "",
                "local_gateway_id": "",
                "nat_gateway_id": "nat-009e78465966399e6",
                "network_interface_id": "",
                "transit_gateway_id": "",
                "vpc_endpoint_id": "",
                "vpc_peering_connection_id": ""
              }
            ],
            "tags": {
              "Name": "multi-tier-app-vpc-private"
            },
            "tags_all": {
              "Name": "multi-tier-app-vpc-private"
            },
            "timeouts": null,
            "vpc_id": "vpc-0a829e4d3e9ddf1da"
          },
          "sensitive_attributes": [],
          "private": "eyJlMmJmYjczMC1lY2FhLTExZTYtOGY4OC0zNDM2M2JjN2M0YzAiOnsiY3JlYXRlIjozMDAwMDAwMDAwMDAsImRlbGV0ZSI6MzAwMDAwMDAwMDAwLCJ1cGRhdGUiOjEyMDAwMDAwMDAwMH19",
          "dependencies": [
            "module.networking.data.aws_availability_zones.available",
            "module.networking.module.vpc.aws_vpc.this",
            "module.networking.module.vpc.aws_vpc_ipv4_cidr_block_association.this"
          ],
          "create_before_destroy": true
        }
      ]
    },
    {
      "module": "module.networking.module.vpc",
      "mode": "managed",
      "type": "aws_route_table",
      "name": "public",
      "provider": "provider[\"registry.terraform.io/hashicorp/aws\"]",
      "instances": [
        {
          "index_key": 0,
          "schema_version": 0,
          "attributes": {
            "arn": "arn:aws:ec2:ap-northeast-1:459716160169:route-table/rtb-0b85507ee6ab37567",
            "id": "rtb-0b85507ee6ab37567",
            "owner_id": "459716160169",
            "propagating_vgws": [],
            "route": [
              {
                "carrier_gateway_id": "",
                "cidr_block": "0.0.0.0/0",
                "core_network_arn": "",
                "destination_prefix_list_id": "",
                "egress_only_gateway_id": "",
                "gateway_id": "igw-0f1adec645e757f00",
                "instance_id": "",
                "ipv6_cidr_block": "",
                "local_gateway_id": "",
                "nat_gateway_id": "",
                "network_interface_id": "",
                "transit_gateway_id": "",
                "vpc_endpoint_id": "",
                "vpc_peering_connection_id": ""
              }
            ],
            "tags": {
              "Name": "multi-tier-app-vpc-public"
            },
            "tags_all": {
              "Name": "multi-tier-app-vpc-public"
            },
            "timeouts": null,
            "vpc_id": "vpc-0a829e4d3e9ddf1da"
          },
          "sensitive_attributes": [],
          "private": "eyJlMmJmYjczMC1lY2FhLTExZTYtOGY4OC0zNDM2M2JjN2M0YzAiOnsiY3JlYXRlIjozMDAwMDAwMDAwMDAsImRlbGV0ZSI6MzAwMDAwMDAwMDAwLCJ1cGRhdGUiOjEyMDAwMDAwMDAwMH19",
          "dependencies": [
            "module.networking.module.vpc.aws_vpc.this",
            "module.networking.module.vpc.aws_vpc_ipv4_cidr_block_association.this"
          ],
          "create_before_destroy": true
        }
      ]
    },
    {
      "module": "module.networking.module.vpc",
      "mode": "managed",
      "type": "aws_route_table_association",
      "name": "database",
      "provider": "provider[\"registry.terraform.io/hashicorp/aws\"]",
      "instances": [
        {
          "index_key": 0,
          "schema_version": 0,
          "attributes": {
            "gateway_id": "",
            "id": "rtbassoc-094b4b71f0cd0bbe6",
            "route_table_id": "rtb-00fdd1870e6dd8fb3",
            "subnet_id": "subnet-06ce440a650276af7"
          },
          "sensitive_attributes": [],
          "private": "bnVsbA==",
          "dependencies": [
            "module.networking.data.aws_availability_zones.available",
            "module.networking.module.vpc.aws_route_table.database",
            "module.networking.module.vpc.aws_route_table.private",
            "module.networking.module.vpc.aws_subnet.database",
            "module.networking.module.vpc.aws_vpc.this",
            "module.networking.module.vpc.aws_vpc_ipv4_cidr_block_association.this"
          ],
          "create_before_destroy": true
        },
        {
          "index_key": 1,
          "schema_version": 0,
          "attributes": {
            "gateway_id": "",
            "id": "rtbassoc-0d551227b2900f33b",
            "route_table_id": "rtb-00fdd1870e6dd8fb3",
            "subnet_id": "subnet-07599c961bc19fdd7"
          },
          "sensitive_attributes": [],
          "private": "bnVsbA==",
          "dependencies": [
            "module.networking.data.aws_availability_zones.available",
            "module.networking.module.vpc.aws_route_table.database",
            "module.networking.module.vpc.aws_route_table.private",
            "module.networking.module.vpc.aws_subnet.database",
            "module.networking.module.vpc.aws_vpc.this",
            "module.networking.module.vpc.aws_vpc_ipv4_cidr_block_association.this"
          ],
          "create_before_destroy": true
        },
        {
          "index_key": 2,
          "schema_version": 0,
          "attributes": {
            "gateway_id": "",
            "id": "rtbassoc-0d20e2ce91c0e629d",
            "route_table_id": "rtb-00fdd1870e6dd8fb3",
            "subnet_id": "subnet-009db10205838819b"
          },
          "sensitive_attributes": [],
          "private": "bnVsbA==",
          "dependencies": [
            "module.networking.data.aws_availability_zones.available",
            "module.networking.module.vpc.aws_route_table.database",
            "module.networking.module.vpc.aws_route_table.private",
            "module.networking.module.vpc.aws_subnet.database",
            "module.networking.module.vpc.aws_vpc.this",
            "module.networking.module.vpc.aws_vpc_ipv4_cidr_block_association.this"
          ],
          "create_before_destroy": true
        }
      ]
    },
    {
      "module": "module.networking.module.vpc",
      "mode": "managed",
      "type": "aws_route_table_association",
      "name": "private",
      "provider": "provider[\"registry.terraform.io/hashicorp/aws\"]",
      "instances": [
        {
          "index_key": 0,
          "schema_version": 0,
          "attributes": {
            "gateway_id": "",
            "id": "rtbassoc-0b198206e3db723ca",
            "route_table_id": "rtb-00fdd1870e6dd8fb3",
            "subnet_id": "subnet-0ca9567f16e74a270"
          },
          "sensitive_attributes": [],
          "private": "bnVsbA==",
          "dependencies": [
            "module.networking.data.aws_availability_zones.available",
            "module.networking.module.vpc.aws_route_table.private",
            "module.networking.module.vpc.aws_subnet.private",
            "module.networking.module.vpc.aws_vpc.this",
            "module.networking.module.vpc.aws_vpc_ipv4_cidr_block_association.this"
          ],
          "create_before_destroy": true
        },
        {
          "index_key": 1,
          "schema_version": 0,
          "attributes": {
            "gateway_id": "",
            "id": "rtbassoc-0736a042494bcdf3f",
            "route_table_id": "rtb-00fdd1870e6dd8fb3",
            "subnet_id": "subnet-0675437797abb3c02"
          },
          "sensitive_attributes": [],
          "private": "bnVsbA==",
          "dependencies": [
            "module.networking.data.aws_availability_zones.available",
            "module.networking.module.vpc.aws_route_table.private",
            "module.networking.module.vpc.aws_subnet.private",
            "module.networking.module.vpc.aws_vpc.this",
            "module.networking.module.vpc.aws_vpc_ipv4_cidr_block_association.this"
          ],
          "create_before_destroy": true
        },
        {
          "index_key": 2,
          "schema_version": 0,
          "attributes": {
            "gateway_id": "",
            "id": "rtbassoc-029d171bc620fe1f7",
            "route_table_id": "rtb-00fdd1870e6dd8fb3",
            "subnet_id": "subnet-0b2e866c88b8b88fc"
          },
          "sensitive_attributes": [],
          "private": "bnVsbA==",
          "dependencies": [
            "module.networking.data.aws_availability_zones.available",
            "module.networking.module.vpc.aws_route_table.private",
            "module.networking.module.vpc.aws_subnet.private",
            "module.networking.module.vpc.aws_vpc.this",
            "module.networking.module.vpc.aws_vpc_ipv4_cidr_block_association.this"
          ],
          "create_before_destroy": true
        }
      ]
    },
    {
      "module": "module.networking.module.vpc",
      "mode": "managed",
      "type": "aws_route_table_association",
      "name": "public",
      "provider": "provider[\"registry.terraform.io/hashicorp/aws\"]",
      "instances": [
        {
          "index_key": 0,
          "schema_version": 0,
          "attributes": {
            "gateway_id": "",
            "id": "rtbassoc-09fed7c2944b3f78e",
            "route_table_id": "rtb-0b85507ee6ab37567",
            "subnet_id": "subnet-008cbc480bdd8da0e"
          },
          "sensitive_attributes": [],
          "private": "bnVsbA==",
          "dependencies": [
            "module.networking.data.aws_availability_zones.available",
            "module.networking.module.vpc.aws_route_table.public",
            "module.networking.module.vpc.aws_subnet.public",
            "module.networking.module.vpc.aws_vpc.this",
            "module.networking.module.vpc.aws_vpc_ipv4_cidr_block_association.this"
          ],
          "create_before_destroy": true
        },
        {
          "index_key": 1,
          "schema_version": 0,
          "attributes": {
            "gateway_id": "",
            "id": "rtbassoc-098d78fdb5f5a014c",
            "route_table_id": "rtb-0b85507ee6ab37567",
            "subnet_id": "subnet-0b81eabb26aad8147"
          },
          "sensitive_attributes": [],
          "private": "bnVsbA==",
          "dependencies": [
            "module.networking.data.aws_availability_zones.available",
            "module.networking.module.vpc.aws_route_table.public",
            "module.networking.module.vpc.aws_subnet.public",
            "module.networking.module.vpc.aws_vpc.this",
            "module.networking.module.vpc.aws_vpc_ipv4_cidr_block_association.this"
          ],
          "create_before_destroy": true
        },
        {
          "index_key": 2,
          "schema_version": 0,
          "attributes": {
            "gateway_id": "",
            "id": "rtbassoc-0543ed4a654251c07",
            "route_table_id": "rtb-0b85507ee6ab37567",
            "subnet_id": "subnet-02e66d743a360bbe7"
          },
          "sensitive_attributes": [],
          "private": "bnVsbA==",
          "dependencies": [
            "module.networking.data.aws_availability_zones.available",
            "module.networking.module.vpc.aws_route_table.public",
            "module.networking.module.vpc.aws_subnet.public",
            "module.networking.module.vpc.aws_vpc.this",
            "module.networking.module.vpc.aws_vpc_ipv4_cidr_block_association.this"
          ],
          "create_before_destroy": true
        }
      ]
    },
    {
      "module": "module.networking.module.vpc",
      "mode": "managed",
      "type": "aws_subnet",
      "name": "database",
      "provider": "provider[\"registry.terraform.io/hashicorp/aws\"]",
      "instances": [
        {
          "index_key": 0,
          "schema_version": 1,
          "attributes": {
            "arn": "arn:aws:ec2:ap-northeast-1:459716160169:subnet/subnet-06ce440a650276af7",
            "assign_ipv6_address_on_creation": false,
            "availability_zone": "ap-northeast-1a",
            "availability_zone_id": "apne1-az4",
            "cidr_block": "10.0.7.0/24",
            "customer_owned_ipv4_pool": "",
            "enable_dns64": false,
            "enable_resource_name_dns_a_record_on_launch": false,
            "enable_resource_name_dns_aaaa_record_on_launch": false,
            "id": "subnet-06ce440a650276af7",
            "ipv6_cidr_block": "",
            "ipv6_cidr_block_association_id": "",
            "ipv6_native": false,
            "map_customer_owned_ip_on_launch": false,
            "map_public_ip_on_launch": false,
            "outpost_arn": "",
            "owner_id": "459716160169",
            "private_dns_hostname_type_on_launch": "ip-name",
            "tags": {
              "Name": "multi-tier-app-vpc-db-ap-northeast-1a"
            },
            "tags_all": {
              "Name": "multi-tier-app-vpc-db-ap-northeast-1a"
            },
            "timeouts": null,
            "vpc_id": "vpc-0a829e4d3e9ddf1da"
          },
          "sensitive_attributes": [],
          "private": "eyJlMmJmYjczMC1lY2FhLTExZTYtOGY4OC0zNDM2M2JjN2M0YzAiOnsiY3JlYXRlIjo2MDAwMDAwMDAwMDAsImRlbGV0ZSI6MTIwMDAwMDAwMDAwMH0sInNjaGVtYV92ZXJzaW9uIjoiMSJ9",
          "dependencies": [
            "module.networking.data.aws_availability_zones.available",
            "module.networking.module.vpc.aws_vpc.this",
            "module.networking.module.vpc.aws_vpc_ipv4_cidr_block_association.this"
          ],
          "create_before_destroy": true
        },
        {
          "index_key": 1,
          "schema_version": 1,
          "attributes": {
            "arn": "arn:aws:ec2:ap-northeast-1:459716160169:subnet/subnet-07599c961bc19fdd7",
            "assign_ipv6_address_on_creation": false,
            "availability_zone": "ap-northeast-1c",
            "availability_zone_id": "apne1-az1",
            "cidr_block": "10.0.8.0/24",
            "customer_owned_ipv4_pool": "",
            "enable_dns64": false,
            "enable_resource_name_dns_a_record_on_launch": false,
            "enable_resource_name_dns_aaaa_record_on_launch": false,
            "id": "subnet-07599c961bc19fdd7",
            "ipv6_cidr_block": "",
            "ipv6_cidr_block_association_id": "",
            "ipv6_native": false,
            "map_customer_owned_ip_on_launch": false,
            "map_public_ip_on_launch": false,
            "outpost_arn": "",
            "owner_id": "459716160169",
            "private_dns_hostname_type_on_launch": "ip-name",
            "tags": {
              "Name": "multi-tier-app-vpc-db-ap-northeast-1c"
            },
            "tags_all": {
              "Name": "multi-tier-app-vpc-db-ap-northeast-1c"
            },
            "timeouts": null,
            "vpc_id": "vpc-0a829e4d3e9ddf1da"
          },
          "sensitive_attributes": [],
          "private": "eyJlMmJmYjczMC1lY2FhLTExZTYtOGY4OC0zNDM2M2JjN2M0YzAiOnsiY3JlYXRlIjo2MDAwMDAwMDAwMDAsImRlbGV0ZSI6MTIwMDAwMDAwMDAwMH0sInNjaGVtYV92ZXJzaW9uIjoiMSJ9",
          "dependencies": [
            "module.networking.data.aws_availability_zones.available",
            "module.networking.module.vpc.aws_vpc.this",
            "module.networking.module.vpc.aws_vpc_ipv4_cidr_block_association.this"
          ],
          "create_before_destroy": true
        },
        {
          "index_key": 2,
          "schema_version": 1,
          "attributes": {
            "arn": "arn:aws:ec2:ap-northeast-1:459716160169:subnet/subnet-009db10205838819b",
            "assign_ipv6_address_on_creation": false,
            "availability_zone": "ap-northeast-1d",
            "availability_zone_id": "apne1-az2",
            "cidr_block": "10.0.9.0/24",
            "customer_owned_ipv4_pool": "",
            "enable_dns64": false,
            "enable_resource_name_dns_a_record_on_launch": false,
            "enable_resource_name_dns_aaaa_record_on_launch": false,
            "id": "subnet-009db10205838819b",
            "ipv6_cidr_block": "",
            "ipv6_cidr_block_association_id": "",
            "ipv6_native": false,
            "map_customer_owned_ip_on_launch": false,
            "map_public_ip_on_launch": false,
            "outpost_arn": "",
            "owner_id": "459716160169",
            "private_dns_hostname_type_on_launch": "ip-name",
            "tags": {
              "Name": "multi-tier-app-vpc-db-ap-northeast-1d"
            },
            "tags_all": {
              "Name": "multi-tier-app-vpc-db-ap-northeast-1d"
            },
            "timeouts": null,
            "vpc_id": "vpc-0a829e4d3e9ddf1da"
          },
          "sensitive_attributes": [],
          "private": "eyJlMmJmYjczMC1lY2FhLTExZTYtOGY4OC0zNDM2M2JjN2M0YzAiOnsiY3JlYXRlIjo2MDAwMDAwMDAwMDAsImRlbGV0ZSI6MTIwMDAwMDAwMDAwMH0sInNjaGVtYV92ZXJzaW9uIjoiMSJ9",
          "dependencies": [
            "module.networking.data.aws_availability_zones.available",
            "module.networking.module.vpc.aws_vpc.this",
            "module.networking.module.vpc.aws_vpc_ipv4_cidr_block_association.this"
          ],
          "create_before_destroy": true
        }
      ]
    },
    {
      "module": "module.networking.module.vpc",
      "mode": "managed",
      "type": "aws_subnet",
      "name": "private",
      "provider": "provider[\"registry.terraform.io/hashicorp/aws\"]",
      "instances": [
        {
          "index_key": 0,
          "schema_version": 1,
          "attributes": {
            "arn": "arn:aws:ec2:ap-northeast-1:459716160169:subnet/subnet-0ca9567f16e74a270",
            "assign_ipv6_address_on_creation": false,
            "availability_zone": "ap-northeast-1a",
            "availability_zone_id": "apne1-az4",
            "cidr_block": "10.0.1.0/24",
            "customer_owned_ipv4_pool": "",
            "enable_dns64": false,
            "enable_resource_name_dns_a_record_on_launch": false,
            "enable_resource_name_dns_aaaa_record_on_launch": false,
            "id": "subnet-0ca9567f16e74a270",
            "ipv6_cidr_block": "",
            "ipv6_cidr_block_association_id": "",
            "ipv6_native": false,
            "map_customer_owned_ip_on_launch": false,
            "map_public_ip_on_launch": false,
            "outpost_arn": "",
            "owner_id": "459716160169",
            "private_dns_hostname_type_on_launch": "ip-name",
            "tags": {
              "Name": "multi-tier-app-vpc-private-ap-northeast-1a"
            },
            "tags_all": {
              "Name": "multi-tier-app-vpc-private-ap-northeast-1a"
            },
            "timeouts": null,
            "vpc_id": "vpc-0a829e4d3e9ddf1da"
          },
          "sensitive_attributes": [],
          "private": "eyJlMmJmYjczMC1lY2FhLTExZTYtOGY4OC0zNDM2M2JjN2M0YzAiOnsiY3JlYXRlIjo2MDAwMDAwMDAwMDAsImRlbGV0ZSI6MTIwMDAwMDAwMDAwMH0sInNjaGVtYV92ZXJzaW9uIjoiMSJ9",
          "dependencies": [
            "module.networking.data.aws_availability_zones.available",
            "module.networking.module.vpc.aws_vpc.this",
            "module.networking.module.vpc.aws_vpc_ipv4_cidr_block_association.this"
          ],
          "create_before_destroy": true
        },
        {
          "index_key": 1,
          "schema_version": 1,
          "attributes": {
            "arn": "arn:aws:ec2:ap-northeast-1:459716160169:subnet/subnet-0675437797abb3c02",
            "assign_ipv6_address_on_creation": false,
            "availability_zone": "ap-northeast-1c",
            "availability_zone_id": "apne1-az1",
            "cidr_block": "10.0.2.0/24",
            "customer_owned_ipv4_pool": "",
            "enable_dns64": false,
            "enable_resource_name_dns_a_record_on_launch": false,
            "enable_resource_name_dns_aaaa_record_on_launch": false,
            "id": "subnet-0675437797abb3c02",
            "ipv6_cidr_block": "",
            "ipv6_cidr_block_association_id": "",
            "ipv6_native": false,
            "map_customer_owned_ip_on_launch": false,
            "map_public_ip_on_launch": false,
            "outpost_arn": "",
            "owner_id": "459716160169",
            "private_dns_hostname_type_on_launch": "ip-name",
            "tags": {
              "Name": "multi-tier-app-vpc-private-ap-northeast-1c"
            },
            "tags_all": {
              "Name": "multi-tier-app-vpc-private-ap-northeast-1c"
            },
            "timeouts": null,
            "vpc_id": "vpc-0a829e4d3e9ddf1da"
          },
          "sensitive_attributes": [],
          "private": "eyJlMmJmYjczMC1lY2FhLTExZTYtOGY4OC0zNDM2M2JjN2M0YzAiOnsiY3JlYXRlIjo2MDAwMDAwMDAwMDAsImRlbGV0ZSI6MTIwMDAwMDAwMDAwMH0sInNjaGVtYV92ZXJzaW9uIjoiMSJ9",
          "dependencies": [
            "module.networking.data.aws_availability_zones.available",
            "module.networking.module.vpc.aws_vpc.this",
            "module.networking.module.vpc.aws_vpc_ipv4_cidr_block_association.this"
          ],
          "create_before_destroy": true
        },
        {
          "index_key": 2,
          "schema_version": 1,
          "attributes": {
            "arn": "arn:aws:ec2:ap-northeast-1:459716160169:subnet/subnet-0b2e866c88b8b88fc",
            "assign_ipv6_address_on_creation": false,
            "availability_zone": "ap-northeast-1d",
            "availability_zone_id": "apne1-az2",
            "cidr_block": "10.0.3.0/24",
            "customer_owned_ipv4_pool": "",
            "enable_dns64": false,
            "enable_resource_name_dns_a_record_on_launch": false,
            "enable_resource_name_dns_aaaa_record_on_launch": false,
            "id": "subnet-0b2e866c88b8b88fc",
            "ipv6_cidr_block": "",
            "ipv6_cidr_block_association_id": "",
            "ipv6_native": false,
            "map_customer_owned_ip_on_launch": false,
            "map_public_ip_on_launch": false,
            "outpost_arn": "",
            "owner_id": "459716160169",
            "private_dns_hostname_type_on_launch": "ip-name",
            "tags": {
              "Name": "multi-tier-app-vpc-private-ap-northeast-1d"
            },
            "tags_all": {
              "Name": "multi-tier-app-vpc-private-ap-northeast-1d"
            },
            "timeouts": null,
            "vpc_id": "vpc-0a829e4d3e9ddf1da"
          },
          "sensitive_attributes": [],
          "private": "eyJlMmJmYjczMC1lY2FhLTExZTYtOGY4OC0zNDM2M2JjN2M0YzAiOnsiY3JlYXRlIjo2MDAwMDAwMDAwMDAsImRlbGV0ZSI6MTIwMDAwMDAwMDAwMH0sInNjaGVtYV92ZXJzaW9uIjoiMSJ9",
          "dependencies": [
            "module.networking.data.aws_availability_zones.available",
            "module.networking.module.vpc.aws_vpc.this",
            "module.networking.module.vpc.aws_vpc_ipv4_cidr_block_association.this"
          ],
          "create_before_destroy": true
        }
      ]
    },
    {
      "module": "module.networking.module.vpc",
      "mode": "managed",
      "type": "aws_subnet",
      "name": "public",
      "provider": "provider[\"registry.terraform.io/hashicorp/aws\"]",
      "instances": [
        {
          "index_key": 0,
          "schema_version": 1,
          "attributes": {
            "arn": "arn:aws:ec2:ap-northeast-1:459716160169:subnet/subnet-008cbc480bdd8da0e",
            "assign_ipv6_address_on_creation": false,
            "availability_zone": "ap-northeast-1a",
            "availability_zone_id": "apne1-az4",
            "cidr_block": "10.0.4.0/24",
            "customer_owned_ipv4_pool": "",
            "enable_dns64": false,
            "enable_resource_name_dns_a_record_on_launch": false,
            "enable_resource_name_dns_aaaa_record_on_launch": false,
            "id": "subnet-008cbc480bdd8da0e",
            "ipv6_cidr_block": "",
            "ipv6_cidr_block_association_id": "",
            "ipv6_native": false,
            "map_customer_owned_ip_on_launch": false,
            "map_public_ip_on_launch": true,
            "outpost_arn": "",
            "owner_id": "459716160169",
            "private_dns_hostname_type_on_launch": "ip-name",
            "tags": {
              "Name": "multi-tier-app-vpc-public-ap-northeast-1a"
            },
            "tags_all": {
              "Name": "multi-tier-app-vpc-public-ap-northeast-1a"
            },
            "timeouts": null,
            "vpc_id": "vpc-0a829e4d3e9ddf1da"
          },
          "sensitive_attributes": [],
          "private": "eyJlMmJmYjczMC1lY2FhLTExZTYtOGY4OC0zNDM2M2JjN2M0YzAiOnsiY3JlYXRlIjo2MDAwMDAwMDAwMDAsImRlbGV0ZSI6MTIwMDAwMDAwMDAwMH0sInNjaGVtYV92ZXJzaW9uIjoiMSJ9",
          "dependencies": [
            "module.networking.data.aws_availability_zones.available",
            "module.networking.module.vpc.aws_vpc.this",
            "module.networking.module.vpc.aws_vpc_ipv4_cidr_block_association.this"
          ],
          "create_before_destroy": true
        },
        {
          "index_key": 1,
          "schema_version": 1,
          "attributes": {
            "arn": "arn:aws:ec2:ap-northeast-1:459716160169:subnet/subnet-0b81eabb26aad8147",
            "assign_ipv6_address_on_creation": false,
            "availability_zone": "ap-northeast-1c",
            "availability_zone_id": "apne1-az1",
            "cidr_block": "10.0.5.0/24",
            "customer_owned_ipv4_pool": "",
            "enable_dns64": false,
            "enable_resource_name_dns_a_record_on_launch": false,
            "enable_resource_name_dns_aaaa_record_on_launch": false,
            "id": "subnet-0b81eabb26aad8147",
            "ipv6_cidr_block": "",
            "ipv6_cidr_block_association_id": "",
            "ipv6_native": false,
            "map_customer_owned_ip_on_launch": false,
            "map_public_ip_on_launch": true,
            "outpost_arn": "",
            "owner_id": "459716160169",
            "private_dns_hostname_type_on_launch": "ip-name",
            "tags": {
              "Name": "multi-tier-app-vpc-public-ap-northeast-1c"
            },
            "tags_all": {
              "Name": "multi-tier-app-vpc-public-ap-northeast-1c"
            },
            "timeouts": null,
            "vpc_id": "vpc-0a829e4d3e9ddf1da"
          },
          "sensitive_attributes": [],
          "private": "eyJlMmJmYjczMC1lY2FhLTExZTYtOGY4OC0zNDM2M2JjN2M0YzAiOnsiY3JlYXRlIjo2MDAwMDAwMDAwMDAsImRlbGV0ZSI6MTIwMDAwMDAwMDAwMH0sInNjaGVtYV92ZXJzaW9uIjoiMSJ9",
          "dependencies": [
            "module.networking.data.aws_availability_zones.available",
            "module.networking.module.vpc.aws_vpc.this",
            "module.networking.module.vpc.aws_vpc_ipv4_cidr_block_association.this"
          ],
          "create_before_destroy": true
        },
        {
          "index_key": 2,
          "schema_version": 1,
          "attributes": {
            "arn": "arn:aws:ec2:ap-northeast-1:459716160169:subnet/subnet-02e66d743a360bbe7",
            "assign_ipv6_address_on_creation": false,
            "availability_zone": "ap-northeast-1d",
            "availability_zone_id": "apne1-az2",
            "cidr_block": "10.0.6.0/24",
            "customer_owned_ipv4_pool": "",
            "enable_dns64": false,
            "enable_resource_name_dns_a_record_on_launch": false,
            "enable_resource_name_dns_aaaa_record_on_launch": false,
            "id": "subnet-02e66d743a360bbe7",
            "ipv6_cidr_block": "",
            "ipv6_cidr_block_association_id": "",
            "ipv6_native": false,
            "map_customer_owned_ip_on_launch": false,
            "map_public_ip_on_launch": true,
            "outpost_arn": "",
            "owner_id": "459716160169",
            "private_dns_hostname_type_on_launch": "ip-name",
            "tags": {
              "Name": "multi-tier-app-vpc-public-ap-northeast-1d"
            },
            "tags_all": {
              "Name": "multi-tier-app-vpc-public-ap-northeast-1d"
            },
            "timeouts": null,
            "vpc_id": "vpc-0a829e4d3e9ddf1da"
          },
          "sensitive_attributes": [],
          "private": "eyJlMmJmYjczMC1lY2FhLTExZTYtOGY4OC0zNDM2M2JjN2M0YzAiOnsiY3JlYXRlIjo2MDAwMDAwMDAwMDAsImRlbGV0ZSI6MTIwMDAwMDAwMDAwMH0sInNjaGVtYV92ZXJzaW9uIjoiMSJ9",
          "dependencies": [
            "module.networking.data.aws_availability_zones.available",
            "module.networking.module.vpc.aws_vpc.this",
            "module.networking.module.vpc.aws_vpc_ipv4_cidr_block_association.this"
          ],
          "create_before_destroy": true
        }
      ]
    },
    {
      "module": "module.networking.module.vpc",
      "mode": "managed",
      "type": "aws_vpc",
      "name": "this",
      "provider": "provider[\"registry.terraform.io/hashicorp/aws\"]",
      "instances": [
        {
          "index_key": 0,
          "schema_version": 1,
          "attributes": {
            "arn": "arn:aws:ec2:ap-northeast-1:459716160169:vpc/vpc-0a829e4d3e9ddf1da",
            "assign_generated_ipv6_cidr_block": false,
            "cidr_block": "10.0.0.0/16",
            "default_network_acl_id": "acl-0c1852b825feea4ce",
            "default_route_table_id": "rtb-03c272876ea60f330",
            "default_security_group_id": "sg-0a478f33a6da7c28a",
            "dhcp_options_id": "dopt-0bee6ee3dbef19856",
            "enable_classiclink": false,
            "enable_classiclink_dns_support": false,
            "enable_dns_hostnames": false,
            "enable_dns_support": true,
            "id": "vpc-0a829e4d3e9ddf1da",
            "instance_tenancy": "default",
            "ipv4_ipam_pool_id": null,
            "ipv4_netmask_length": null,
            "ipv6_association_id": "",
            "ipv6_cidr_block": "",
            "ipv6_cidr_block_network_border_group": "",
            "ipv6_ipam_pool_id": "",
            "ipv6_netmask_length": 0,
            "main_route_table_id": "rtb-03c272876ea60f330",
            "owner_id": "459716160169",
            "tags": {
              "Name": "multi-tier-app-vpc"
            },
            "tags_all": {
              "Name": "multi-tier-app-vpc"
            }
          },
          "sensitive_attributes": [],
          "private": "eyJzY2hlbWFfdmVyc2lvbiI6IjEifQ==",
          "create_before_destroy": true
        }
      ]
    },
    {
      "module": "module.networking.module.web_sg",
      "mode": "managed",
      "type": "aws_security_group",
      "name": "security_group",
      "provider": "provider[\"registry.terraform.io/hashicorp/aws\"]",
      "instances": [
        {
          "schema_version": 1,
          "attributes": {
            "arn": "arn:aws:ec2:ap-northeast-1:459716160169:security-group/sg-0b97505550569453a",
            "description": "Managed by Terraform",
            "egress": [
              {
                "cidr_blocks": [
                  "0.0.0.0/0"
                ],
                "description": "",
                "from_port": 0,
                "ipv6_cidr_blocks": [],
                "prefix_list_ids": [],
                "protocol": "-1",
                "security_groups": [],
                "self": false,
                "to_port": 0
              }
            ],
            "id": "sg-0b97505550569453a",
            "ingress": [
              {
                "cidr_blocks": [],
                "description": "",
                "from_port": 0,
                "ipv6_cidr_blocks": [],
                "prefix_list_ids": [],
                "protocol": "-1",
                "security_groups": [],
                "self": true,
                "to_port": 0
              },
              {
                "cidr_blocks": [],
                "description": "",
                "from_port": 80,
                "ipv6_cidr_blocks": [],
                "prefix_list_ids": [],
                "protocol": "tcp",
                "security_groups": [
                  "sg-0a28132db35feb6bf"
                ],
                "self": false,
                "to_port": 80
              }
            ],
            "name": "terraform-20220728181704639300000005",
            "name_prefix": "terraform-",
            "owner_id": "459716160169",
            "revoke_rules_on_delete": false,
            "tags": {},
            "tags_all": {},
            "timeouts": null,
            "vpc_id": "vpc-0a829e4d3e9ddf1da"
          },
          "sensitive_attributes": [],
          "private": "eyJlMmJmYjczMC1lY2FhLTExZTYtOGY4OC0zNDM2M2JjN2M0YzAiOnsiY3JlYXRlIjo2MDAwMDAwMDAwMDAsImRlbGV0ZSI6OTAwMDAwMDAwMDAwfSwic2NoZW1hX3ZlcnNpb24iOiIxIn0=",
          "dependencies": [
            "module.networking.module.alb_sg.aws_security_group.security_group",
            "module.networking.module.vpc.aws_vpc.this"
          ]
        }
      ]
    }
  ]
}
