{
  "version": 4,
  "terraform_version": "1.2.5",
  "serial": 86,
  "lineage": "10497993-e944-c222-658f-30ad4de62e8b",
  "outputs": {
    "config": {
      "value": {
        "bucket": "test-marketing-lp-front20220819091924588800000001",
        "region": "ap-northeast-1",
        "role_arn": "arn:aws:iam::459716160169:role/circleci"
      },
      "type": [
        "object",
        {
          "bucket": "string",
          "region": "string",
          "role_arn": "string"
        }
      ]
    }
  },
  "resources": [
    {
      "mode": "data",
      "type": "aws_iam_policy_document",
      "name": "assume_cirleci",
      "provider": "provider[\"registry.terraform.io/hashicorp/aws\"]",
      "instances": [
        {
          "schema_version": 0,
          "attributes": {
            "id": "2979952365",
            "json": "{\n  \"Version\": \"2012-10-17\",\n  \"Statement\": [\n    {\n      \"Sid\": \"\",\n      \"Effect\": \"Allow\",\n      \"Action\": \"sts:AssumeRoleWithWebIdentity\",\n      \"Principal\": {\n        \"Federated\": \"arn:aws:iam::459716160169:oidc-provider/oidc.circleci.com/org/b167a5c2-762d-40bd-ace7-8ceece7d0d67\"\n      },\n      \"Condition\": {\n        \"StringLike\": {\n          \"oidc.circleci.com/org/b167a5c2-762d-40bd-ace7-8ceece7d0d67:sub\": \"org/b167a5c2-762d-40bd-ace7-8ceece7d0d67/project/ea75d0d0-64ec-4a9f-8665-5dd9e6f15d86/user/*\"\n        }\n      }\n    }\n  ]\n}",
            "override_json": null,
            "override_policy_documents": null,
            "policy_id": null,
            "source_json": null,
            "source_policy_documents": null,
            "statement": [
              {
                "actions": [
                  "sts:AssumeRoleWithWebIdentity"
                ],
                "condition": [
                  {
                    "test": "StringLike",
                    "values": [
                      "org/b167a5c2-762d-40bd-ace7-8ceece7d0d67/project/ea75d0d0-64ec-4a9f-8665-5dd9e6f15d86/user/*"
                    ],
                    "variable": "oidc.circleci.com/org/b167a5c2-762d-40bd-ace7-8ceece7d0d67:sub"
                  }
                ],
                "effect": "Allow",
                "not_actions": [],
                "not_principals": [],
                "not_resources": [],
                "principals": [
                  {
                    "identifiers": [
                      "arn:aws:iam::459716160169:oidc-provider/oidc.circleci.com/org/b167a5c2-762d-40bd-ace7-8ceece7d0d67"
                    ],
                    "type": "Federated"
                  }
                ],
                "resources": [],
                "sid": ""
              }
            ],
            "version": "2012-10-17"
          },
          "sensitive_attributes": []
        }
      ]
    },
    {
      "mode": "data",
      "type": "aws_region",
      "name": "current",
      "provider": "provider[\"registry.terraform.io/hashicorp/aws\"]",
      "instances": [
        {
          "schema_version": 0,
          "attributes": {
            "description": "Asia Pacific (Tokyo)",
            "endpoint": "ec2.ap-northeast-1.amazonaws.com",
            "id": "ap-northeast-1",
            "name": "ap-northeast-1"
          },
          "sensitive_attributes": []
        }
      ]
    },
    {
      "mode": "managed",
      "type": "aws_iam_openid_connect_provider",
      "name": "circleci",
      "provider": "provider[\"registry.terraform.io/hashicorp/aws\"]",
      "instances": [
        {
          "schema_version": 0,
          "attributes": {
            "arn": "arn:aws:iam::459716160169:oidc-provider/oidc.circleci.com/org/b167a5c2-762d-40bd-ace7-8ceece7d0d67",
            "client_id_list": [
              "b167a5c2-762d-40bd-ace7-8ceece7d0d67"
            ],
            "id": "arn:aws:iam::459716160169:oidc-provider/oidc.circleci.com/org/b167a5c2-762d-40bd-ace7-8ceece7d0d67",
            "tags": {},
            "tags_all": {},
            "thumbprint_list": [
              "9e99a48a9960b14926bb7f3b02e22da2b0ab7280"
            ],
            "url": "oidc.circleci.com/org/b167a5c2-762d-40bd-ace7-8ceece7d0d67"
          },
          "sensitive_attributes": [],
          "private": "bnVsbA=="
        }
      ]
    },
    {
      "mode": "managed",
      "type": "aws_iam_role",
      "name": "circleci",
      "provider": "provider[\"registry.terraform.io/hashicorp/aws\"]",
      "instances": [
        {
          "schema_version": 0,
          "attributes": {
            "arn": "arn:aws:iam::459716160169:role/circleci",
            "assume_role_policy": "{\"Statement\":[{\"Action\":\"sts:AssumeRoleWithWebIdentity\",\"Condition\":{\"StringLike\":{\"oidc.circleci.com/org/b167a5c2-762d-40bd-ace7-8ceece7d0d67:sub\":\"org/b167a5c2-762d-40bd-ace7-8ceece7d0d67/project/ea75d0d0-64ec-4a9f-8665-5dd9e6f15d86/user/*\"}},\"Effect\":\"Allow\",\"Principal\":{\"Federated\":\"arn:aws:iam::459716160169:oidc-provider/oidc.circleci.com/org/b167a5c2-762d-40bd-ace7-8ceece7d0d67\"},\"Sid\":\"\"}],\"Version\":\"2012-10-17\"}",
            "create_date": "2022-08-19T09:19:25Z",
            "description": "Connect from by oidc",
            "force_detach_policies": false,
            "id": "circleci",
            "inline_policy": [],
            "managed_policy_arns": [
              "arn:aws:iam::aws:policy/ReadOnlyAccess"
            ],
            "max_session_duration": 3600,
            "name": "circleci",
            "name_prefix": "",
            "path": "/",
            "permissions_boundary": null,
            "tags": {},
            "tags_all": {},
            "unique_id": "AROAWWCJX5KUR3KLLVOQ5"
          },
          "sensitive_attributes": [],
          "private": "bnVsbA==",
          "dependencies": [
            "aws_iam_openid_connect_provider.circleci",
            "data.aws_iam_policy_document.assume_cirleci"
          ]
        }
      ]
    },
    {
      "mode": "managed",
      "type": "aws_iam_role_policy_attachment",
      "name": "circleci",
      "provider": "provider[\"registry.terraform.io/hashicorp/aws\"]",
      "instances": [
        {
          "schema_version": 0,
          "attributes": {
            "id": "circleci-20220819093242441000000001",
            "policy_arn": "arn:aws:iam::aws:policy/AmazonS3FullAccess",
            "role": "circleci"
          },
          "sensitive_attributes": [],
          "private": "bnVsbA==",
          "dependencies": [
            "aws_iam_role.circleci"
          ]
        }
      ]
    },
    {
      "mode": "managed",
      "type": "aws_s3_bucket",
      "name": "mfx_marketing_lp",
      "provider": "provider[\"registry.terraform.io/hashicorp/aws\"]",
      "instances": [
        {
          "schema_version": 0,
          "attributes": {
            "acceleration_status": "",
            "acl": null,
            "arn": "arn:aws:s3:::test-marketing-lp-front20220819091924588800000001",
            "bucket": "test-marketing-lp-front20220819091924588800000001",
            "bucket_domain_name": "test-marketing-lp-front20220819091924588800000001.s3.amazonaws.com",
            "bucket_prefix": "test-marketing-lp-front",
            "bucket_regional_domain_name": "test-marketing-lp-front20220819091924588800000001.s3.ap-northeast-1.amazonaws.com",
            "cors_rule": [],
            "force_destroy": false,
            "grant": [
              {
                "id": "cff1c8a1912bfbbf01cbfd5c837701d6339f892ce72083bf1f075c9fe0760550",
                "permissions": [
                  "FULL_CONTROL"
                ],
                "type": "CanonicalUser",
                "uri": ""
              }
            ],
            "hosted_zone_id": "Z2M4EHUR26P7ZW",
            "id": "test-marketing-lp-front20220819091924588800000001",
            "lifecycle_rule": [],
            "logging": [],
            "object_lock_configuration": [],
            "object_lock_enabled": false,
            "policy": "",
            "region": "ap-northeast-1",
            "replication_configuration": [],
            "request_payer": "BucketOwner",
            "server_side_encryption_configuration": [],
            "tags": {},
            "tags_all": {},
            "versioning": [
              {
                "enabled": false,
                "mfa_delete": false
              }
            ],
            "website": [],
            "website_domain": null,
            "website_endpoint": null
          },
          "sensitive_attributes": [],
          "private": "bnVsbA=="
        }
      ]
    },
    {
      "mode": "managed",
      "type": "aws_s3_bucket_acl",
      "name": "mfx_marketing_lp",
      "provider": "provider[\"registry.terraform.io/hashicorp/aws\"]",
      "instances": [
        {
          "schema_version": 0,
          "attributes": {
            "access_control_policy": [
              {
                "grant": [
                  {
                    "grantee": [
                      {
                        "display_name": "tranchivi0123",
                        "email_address": "",
                        "id": "cff1c8a1912bfbbf01cbfd5c837701d6339f892ce72083bf1f075c9fe0760550",
                        "type": "CanonicalUser",
                        "uri": ""
                      }
                    ],
                    "permission": "FULL_CONTROL"
                  }
                ],
                "owner": [
                  {
                    "display_name": "tranchivi0123",
                    "id": "cff1c8a1912bfbbf01cbfd5c837701d6339f892ce72083bf1f075c9fe0760550"
                  }
                ]
              }
            ],
            "acl": "private",
            "bucket": "test-marketing-lp-front20220819091924588800000001",
            "expected_bucket_owner": "",
            "id": "test-marketing-lp-front20220819091924588800000001,private"
          },
          "sensitive_attributes": [],
          "private": "bnVsbA==",
          "dependencies": [
            "aws_s3_bucket.mfx_marketing_lp"
          ]
        }
      ]
    },
    {
      "mode": "managed",
      "type": "aws_s3_bucket_public_access_block",
      "name": "mfx_marketing_lp",
      "provider": "provider[\"registry.terraform.io/hashicorp/aws\"]",
      "instances": [
        {
          "schema_version": 0,
          "attributes": {
            "block_public_acls": true,
            "block_public_policy": true,
            "bucket": "test-marketing-lp-front20220819091924588800000001",
            "id": "test-marketing-lp-front20220819091924588800000001",
            "ignore_public_acls": true,
            "restrict_public_buckets": true
          },
          "sensitive_attributes": [],
          "private": "bnVsbA==",
          "dependencies": [
            "aws_s3_bucket.mfx_marketing_lp"
          ]
        }
      ]
    }
  ]
}
